// !$*UTF8*$!
{
	archiveVersion = 1;
	classes = {
	};
	objectVersion = 56;
	objects = {

/* Begin PBXBuildFile section */
		05BC612917B3B18496BB8CB4 /* Pods_Allergykimi.framework in Frameworks */ = {isa = PBXBuildFile; fileRef = F96F26FC60191D038F353F7B /* Pods_Allergykimi.framework */; };
		A02FDC7A2B99835500865830 /* AppDelegate.swift in Sources */ = {isa = PBXBuildFile; fileRef = A02FDC792B99835500865830 /* AppDelegate.swift */; };
		A02FDC7C2B99835500865830 /* SceneDelegate.swift in Sources */ = {isa = PBXBuildFile; fileRef = A02FDC7B2B99835500865830 /* SceneDelegate.swift */; };
		A02FDC7E2B99835500865830 /* ViewController.swift in Sources */ = {isa = PBXBuildFile; fileRef = A02FDC7D2B99835500865830 /* ViewController.swift */; };
		A02FDC812B99835500865830 /* Main.storyboard in Resources */ = {isa = PBXBuildFile; fileRef = A02FDC7F2B99835500865830 /* Main.storyboard */; };
		A02FDC832B99835800865830 /* Assets.xcassets in Resources */ = {isa = PBXBuildFile; fileRef = A02FDC822B99835800865830 /* Assets.xcassets */; };
		A02FDC862B99835800865830 /* LaunchScreen.storyboard in Resources */ = {isa = PBXBuildFile; fileRef = A02FDC842B99835800865830 /* LaunchScreen.storyboard */; };
		A02FDC8E2B99860000865830 /* .gitignore in Resources */ = {isa = PBXBuildFile; fileRef = A02FDC8D2B99860000865830 /* .gitignore */; };
		A02FDC942B9991E100865830 /* SnapKit in Frameworks */ = {isa = PBXBuildFile; productRef = A02FDC932B9991E100865830 /* SnapKit */; };
		A02FDC972B99935000865830 /* Kingfisher in Frameworks */ = {isa = PBXBuildFile; productRef = A02FDC962B99935000865830 /* Kingfisher */; };
		A02FDC9A2B9993DF00865830 /* Realm in Frameworks */ = {isa = PBXBuildFile; productRef = A02FDC992B9993DF00865830 /* Realm */; };
		A02FDC9C2B9993DF00865830 /* RealmSwift in Frameworks */ = {isa = PBXBuildFile; productRef = A02FDC9B2B9993DF00865830 /* RealmSwift */; };
		A02FDC9F2B99940C00865830 /* Alamofire in Frameworks */ = {isa = PBXBuildFile; productRef = A02FDC9E2B99940C00865830 /* Alamofire */; };
		A02FDCA22B99942100865830 /* Toast in Frameworks */ = {isa = PBXBuildFile; productRef = A02FDCA12B99942100865830 /* Toast */; };
		A02FDCA52B9997D700865830 /* BaseViewController.swift in Sources */ = {isa = PBXBuildFile; fileRef = A02FDCA42B9997D700865830 /* BaseViewController.swift */; };
		A02FDCA72B99982E00865830 /* BaseCollectionViewCell.swift in Sources */ = {isa = PBXBuildFile; fileRef = A02FDCA62B99982E00865830 /* BaseCollectionViewCell.swift */; };
		A02FDCA92B99984E00865830 /* BaseTableViewCell.swift in Sources */ = {isa = PBXBuildFile; fileRef = A02FDCA82B99984E00865830 /* BaseTableViewCell.swift */; };
		A02FDCB22B999C6300865830 /* Observable.swift in Sources */ = {isa = PBXBuildFile; fileRef = A02FDCB12B999C6300865830 /* Observable.swift */; };
		A02FDCB42B999DD100865830 /* APIManager.swift in Sources */ = {isa = PBXBuildFile; fileRef = A02FDCB32B999DD100865830 /* APIManager.swift */; };
		A02FDCB62B99A01100865830 /* Products.swift in Sources */ = {isa = PBXBuildFile; fileRef = A02FDCB52B99A01000865830 /* Products.swift */; };
		A02FDCB82B99A02300865830 /* Pharmacy.swift in Sources */ = {isa = PBXBuildFile; fileRef = A02FDCB72B99A02300865830 /* Pharmacy.swift */; };
		A02FDCBA2B99A3F100865830 /* DataAPI.swift in Sources */ = {isa = PBXBuildFile; fileRef = A02FDCB92B99A3F100865830 /* DataAPI.swift */; };
		A02FDCBC2B99A5E800865830 /* APIKey.swift in Sources */ = {isa = PBXBuildFile; fileRef = A02FDCBB2B99A5E800865830 /* APIKey.swift */; };
		A02FDCBF2B99AA4F00865830 /* SwiftyXMLParser in Frameworks */ = {isa = PBXBuildFile; productRef = A02FDCBE2B99AA4F00865830 /* SwiftyXMLParser */; };
		A04D75AA2B9F5A0D00F660A7 /* SearchViewController.swift in Sources */ = {isa = PBXBuildFile; fileRef = A04D75A92B9F5A0D00F660A7 /* SearchViewController.swift */; };
		A08D57F12BA014AB00824C4F /* SearchViewModel.swift in Sources */ = {isa = PBXBuildFile; fileRef = A08D57F02BA014AB00824C4F /* SearchViewModel.swift */; };
		A08D57F42BA01F3600824C4F /* ProductsCollectionViewCell.swift in Sources */ = {isa = PBXBuildFile; fileRef = A08D57F32BA01F3600824C4F /* ProductsCollectionViewCell.swift */; };
		A08D57F62BA04EF000824C4F /* ProductDetailViewController.swift in Sources */ = {isa = PBXBuildFile; fileRef = A08D57F52BA04EF000824C4F /* ProductDetailViewController.swift */; };
		A093606F2B9EECF400BF2E62 /* HomeViewController.swift in Sources */ = {isa = PBXBuildFile; fileRef = A093606E2B9EECF400BF2E62 /* HomeViewController.swift */; };
		A09360732B9EF56600BF2E62 /* CustomTabBarController.swift in Sources */ = {isa = PBXBuildFile; fileRef = A09360722B9EF56600BF2E62 /* CustomTabBarController.swift */; };
		A09360762B9EFA2800BF2E62 /* MyPageViewController.swift in Sources */ = {isa = PBXBuildFile; fileRef = A09360752B9EFA2800BF2E62 /* MyPageViewController.swift */; };
		A09360782B9F02B800BF2E62 /* ProfileView.swift in Sources */ = {isa = PBXBuildFile; fileRef = A09360772B9F02B800BF2E62 /* ProfileView.swift */; };
		A093607A2B9F039A00BF2E62 /* BaseView.swift in Sources */ = {isa = PBXBuildFile; fileRef = A09360792B9F039A00BF2E62 /* BaseView.swift */; };
/* End PBXBuildFile section */

/* Begin PBXFileReference section */
		42748818B3109C253A9921D1 /* Pods-Allergykimi.release.xcconfig */ = {isa = PBXFileReference; includeInIndex = 1; lastKnownFileType = text.xcconfig; name = "Pods-Allergykimi.release.xcconfig"; path = "Target Support Files/Pods-Allergykimi/Pods-Allergykimi.release.xcconfig"; sourceTree = "<group>"; };
		A02FDC762B99835500865830 /* Allergykimi.app */ = {isa = PBXFileReference; explicitFileType = wrapper.application; includeInIndex = 0; path = Allergykimi.app; sourceTree = BUILT_PRODUCTS_DIR; };
		A02FDC792B99835500865830 /* AppDelegate.swift */ = {isa = PBXFileReference; lastKnownFileType = sourcecode.swift; path = AppDelegate.swift; sourceTree = "<group>"; };
		A02FDC7B2B99835500865830 /* SceneDelegate.swift */ = {isa = PBXFileReference; lastKnownFileType = sourcecode.swift; path = SceneDelegate.swift; sourceTree = "<group>"; };
		A02FDC7D2B99835500865830 /* ViewController.swift */ = {isa = PBXFileReference; lastKnownFileType = sourcecode.swift; path = ViewController.swift; sourceTree = "<group>"; };
		A02FDC802B99835500865830 /* Base */ = {isa = PBXFileReference; lastKnownFileType = file.storyboard; name = Base; path = Base.lproj/Main.storyboard; sourceTree = "<group>"; };
		A02FDC822B99835800865830 /* Assets.xcassets */ = {isa = PBXFileReference; lastKnownFileType = folder.assetcatalog; path = Assets.xcassets; sourceTree = "<group>"; };
		A02FDC852B99835800865830 /* Base */ = {isa = PBXFileReference; lastKnownFileType = file.storyboard; name = Base; path = Base.lproj/LaunchScreen.storyboard; sourceTree = "<group>"; };
		A02FDC872B99835800865830 /* Info.plist */ = {isa = PBXFileReference; lastKnownFileType = text.plist.xml; path = Info.plist; sourceTree = "<group>"; };
		A02FDC8D2B99860000865830 /* .gitignore */ = {isa = PBXFileReference; lastKnownFileType = text; path = .gitignore; sourceTree = "<group>"; };
		A02FDCA42B9997D700865830 /* BaseViewController.swift */ = {isa = PBXFileReference; lastKnownFileType = sourcecode.swift; path = BaseViewController.swift; sourceTree = "<group>"; };
		A02FDCA62B99982E00865830 /* BaseCollectionViewCell.swift */ = {isa = PBXFileReference; lastKnownFileType = sourcecode.swift; path = BaseCollectionViewCell.swift; sourceTree = "<group>"; };
		A02FDCA82B99984E00865830 /* BaseTableViewCell.swift */ = {isa = PBXFileReference; lastKnownFileType = sourcecode.swift; path = BaseTableViewCell.swift; sourceTree = "<group>"; };
		A02FDCB12B999C6300865830 /* Observable.swift */ = {isa = PBXFileReference; lastKnownFileType = sourcecode.swift; path = Observable.swift; sourceTree = "<group>"; };
		A02FDCB32B999DD100865830 /* APIManager.swift */ = {isa = PBXFileReference; lastKnownFileType = sourcecode.swift; path = APIManager.swift; sourceTree = "<group>"; };
		A02FDCB52B99A01000865830 /* Products.swift */ = {isa = PBXFileReference; lastKnownFileType = sourcecode.swift; path = Products.swift; sourceTree = "<group>"; };
		A02FDCB72B99A02300865830 /* Pharmacy.swift */ = {isa = PBXFileReference; lastKnownFileType = sourcecode.swift; path = Pharmacy.swift; sourceTree = "<group>"; };
		A02FDCB92B99A3F100865830 /* DataAPI.swift */ = {isa = PBXFileReference; lastKnownFileType = sourcecode.swift; path = DataAPI.swift; sourceTree = "<group>"; };
		A02FDCBB2B99A5E800865830 /* APIKey.swift */ = {isa = PBXFileReference; lastKnownFileType = sourcecode.swift; path = APIKey.swift; sourceTree = "<group>"; };
		A04D75A92B9F5A0D00F660A7 /* SearchViewController.swift */ = {isa = PBXFileReference; lastKnownFileType = sourcecode.swift; path = SearchViewController.swift; sourceTree = "<group>"; };
		A08D57F02BA014AB00824C4F /* SearchViewModel.swift */ = {isa = PBXFileReference; lastKnownFileType = sourcecode.swift; path = SearchViewModel.swift; sourceTree = "<group>"; };
		A08D57F32BA01F3600824C4F /* ProductsCollectionViewCell.swift */ = {isa = PBXFileReference; lastKnownFileType = sourcecode.swift; path = ProductsCollectionViewCell.swift; sourceTree = "<group>"; };
		A08D57F52BA04EF000824C4F /* ProductDetailViewController.swift */ = {isa = PBXFileReference; lastKnownFileType = sourcecode.swift; path = ProductDetailViewController.swift; sourceTree = "<group>"; };
		A093606E2B9EECF400BF2E62 /* HomeViewController.swift */ = {isa = PBXFileReference; lastKnownFileType = sourcecode.swift; path = HomeViewController.swift; sourceTree = "<group>"; };
		A09360722B9EF56600BF2E62 /* CustomTabBarController.swift */ = {isa = PBXFileReference; lastKnownFileType = sourcecode.swift; path = CustomTabBarController.swift; sourceTree = "<group>"; };
		A09360752B9EFA2800BF2E62 /* MyPageViewController.swift */ = {isa = PBXFileReference; lastKnownFileType = sourcecode.swift; path = MyPageViewController.swift; sourceTree = "<group>"; };
		A09360772B9F02B800BF2E62 /* ProfileView.swift */ = {isa = PBXFileReference; lastKnownFileType = sourcecode.swift; path = ProfileView.swift; sourceTree = "<group>"; };
		A09360792B9F039A00BF2E62 /* BaseView.swift */ = {isa = PBXFileReference; lastKnownFileType = sourcecode.swift; path = BaseView.swift; sourceTree = "<group>"; };
		AA1900F478F7EED25EA07585 /* Pods-Allergykimi.debug.xcconfig */ = {isa = PBXFileReference; includeInIndex = 1; lastKnownFileType = text.xcconfig; name = "Pods-Allergykimi.debug.xcconfig"; path = "Target Support Files/Pods-Allergykimi/Pods-Allergykimi.debug.xcconfig"; sourceTree = "<group>"; };
		F96F26FC60191D038F353F7B /* Pods_Allergykimi.framework */ = {isa = PBXFileReference; explicitFileType = wrapper.framework; includeInIndex = 0; path = Pods_Allergykimi.framework; sourceTree = BUILT_PRODUCTS_DIR; };
/* End PBXFileReference section */

/* Begin PBXFrameworksBuildPhase section */
		A02FDC732B99835500865830 /* Frameworks */ = {
			isa = PBXFrameworksBuildPhase;
			buildActionMask = 2147483647;
			files = (
				A02FDCA22B99942100865830 /* Toast in Frameworks */,
				A02FDC9F2B99940C00865830 /* Alamofire in Frameworks */,
				A02FDC9C2B9993DF00865830 /* RealmSwift in Frameworks */,
				A02FDCBF2B99AA4F00865830 /* SwiftyXMLParser in Frameworks */,
				A02FDC9A2B9993DF00865830 /* Realm in Frameworks */,
				A02FDC972B99935000865830 /* Kingfisher in Frameworks */,
				A02FDC942B9991E100865830 /* SnapKit in Frameworks */,
				05BC612917B3B18496BB8CB4 /* Pods_Allergykimi.framework in Frameworks */,
			);
			runOnlyForDeploymentPostprocessing = 0;
		};
/* End PBXFrameworksBuildPhase section */

/* Begin PBXGroup section */
		46921015F21820B89F3ACDF6 /* Frameworks */ = {
			isa = PBXGroup;
			children = (
				F96F26FC60191D038F353F7B /* Pods_Allergykimi.framework */,
			);
			name = Frameworks;
			sourceTree = "<group>";
		};
		63E6F769D8C8265EB7DC8088 /* Pods */ = {
			isa = PBXGroup;
			children = (
				AA1900F478F7EED25EA07585 /* Pods-Allergykimi.debug.xcconfig */,
				42748818B3109C253A9921D1 /* Pods-Allergykimi.release.xcconfig */,
			);
			path = Pods;
			sourceTree = "<group>";
		};
		A02FDC6D2B99835500865830 = {
			isa = PBXGroup;
			children = (
				A02FDC8D2B99860000865830 /* .gitignore */,
				A02FDC782B99835500865830 /* Allergykimi */,
				A02FDC772B99835500865830 /* Products */,
				63E6F769D8C8265EB7DC8088 /* Pods */,
				46921015F21820B89F3ACDF6 /* Frameworks */,
			);
			sourceTree = "<group>";
		};
		A02FDC772B99835500865830 /* Products */ = {
			isa = PBXGroup;
			children = (
				A02FDC762B99835500865830 /* Allergykimi.app */,
			);
			name = Products;
			sourceTree = "<group>";
		};
		A02FDC782B99835500865830 /* Allergykimi */ = {
			isa = PBXGroup;
			children = (
				A02FDCB02B999C5A00865830 /* Protocol */,
				A02FDCAC2B99998800865830 /* App */,
				A02FDCAB2B99998100865830 /* Model */,
				A02FDCA32B9997D000865830 /* Base */,
				A09360712B9EF54E00BF2E62 /* Components */,
				A02FDCC02B99AAEA00865830 /* Test */,
				A02FDCAD2B9999C300865830 /* Home */,
				A04D75A82B9F59F400F660A7 /* Search */,
				A09360742B9EFA0D00BF2E62 /* MyPage */,
				A02FDCAA2B99997A00865830 /* Network */,
				A02FDC7F2B99835500865830 /* Main.storyboard */,
				A02FDC822B99835800865830 /* Assets.xcassets */,
				A02FDC842B99835800865830 /* LaunchScreen.storyboard */,
				A02FDC872B99835800865830 /* Info.plist */,
			);
			path = Allergykimi;
			sourceTree = "<group>";
		};
		A02FDCA32B9997D000865830 /* Base */ = {
			isa = PBXGroup;
			children = (
				A02FDCA42B9997D700865830 /* BaseViewController.swift */,
				A02FDCA82B99984E00865830 /* BaseTableViewCell.swift */,
				A02FDCA62B99982E00865830 /* BaseCollectionViewCell.swift */,
				A09360792B9F039A00BF2E62 /* BaseView.swift */,
			);
			path = Base;
			sourceTree = "<group>";
		};
		A02FDCAA2B99997A00865830 /* Network */ = {
			isa = PBXGroup;
			children = (
				A02FDCB32B999DD100865830 /* APIManager.swift */,
				A02FDCB92B99A3F100865830 /* DataAPI.swift */,
				A02FDCBB2B99A5E800865830 /* APIKey.swift */,
			);
			path = Network;
			sourceTree = "<group>";
		};
		A02FDCAB2B99998100865830 /* Model */ = {
			isa = PBXGroup;
			children = (
				A02FDCB52B99A01000865830 /* Products.swift */,
				A02FDCB72B99A02300865830 /* Pharmacy.swift */,
			);
			path = Model;
			sourceTree = "<group>";
		};
		A02FDCAC2B99998800865830 /* App */ = {
			isa = PBXGroup;
			children = (
				A02FDC792B99835500865830 /* AppDelegate.swift */,
				A02FDC7B2B99835500865830 /* SceneDelegate.swift */,
			);
			path = App;
			sourceTree = "<group>";
		};
		A02FDCAD2B9999C300865830 /* Home */ = {
			isa = PBXGroup;
			children = (
				A093606E2B9EECF400BF2E62 /* HomeViewController.swift */,
			);
			path = Home;
			sourceTree = "<group>";
		};
		A02FDCB02B999C5A00865830 /* Protocol */ = {
			isa = PBXGroup;
			children = (
				A02FDCB12B999C6300865830 /* Observable.swift */,
			);
			path = Protocol;
			sourceTree = "<group>";
		};
		A02FDCC02B99AAEA00865830 /* Test */ = {
			isa = PBXGroup;
			children = (
				A02FDC7D2B99835500865830 /* ViewController.swift */,
			);
			path = Test;
			sourceTree = "<group>";
		};
		A04D75A82B9F59F400F660A7 /* Search */ = {
			isa = PBXGroup;
			children = (
				A08D57F22BA01F2100824C4F /* Cell */,
				A04D75A92B9F5A0D00F660A7 /* SearchViewController.swift */,
				A08D57F52BA04EF000824C4F /* ProductDetailViewController.swift */,
				A08D57F02BA014AB00824C4F /* SearchViewModel.swift */,
			);
			path = Search;
			sourceTree = "<group>";
		};
		A08D57F22BA01F2100824C4F /* Cell */ = {
			isa = PBXGroup;
			children = (
				A08D57F32BA01F3600824C4F /* ProductsCollectionViewCell.swift */,
			);
			path = Cell;
			sourceTree = "<group>";
		};
		A09360712B9EF54E00BF2E62 /* Components */ = {
			isa = PBXGroup;
			children = (
				A09360722B9EF56600BF2E62 /* CustomTabBarController.swift */,
			);
			path = Components;
			sourceTree = "<group>";
		};
		A09360742B9EFA0D00BF2E62 /* MyPage */ = {
			isa = PBXGroup;
			children = (
				A09360752B9EFA2800BF2E62 /* MyPageViewController.swift */,
				A09360772B9F02B800BF2E62 /* ProfileView.swift */,
			);
			path = MyPage;
			sourceTree = "<group>";
		};
/* End PBXGroup section */

/* Begin PBXNativeTarget section */
		A02FDC752B99835500865830 /* Allergykimi */ = {
			isa = PBXNativeTarget;
			buildConfigurationList = A02FDC8A2B99835800865830 /* Build configuration list for PBXNativeTarget "Allergykimi" */;
			buildPhases = (
				738A9060473B8E95B704B3E7 /* [CP] Check Pods Manifest.lock */,
				A02FDC722B99835500865830 /* Sources */,
				A02FDC732B99835500865830 /* Frameworks */,
				A02FDC742B99835500865830 /* Resources */,
				14C5A27F4E3727F516D54EF6 /* [CP] Embed Pods Frameworks */,
			);
			buildRules = (
			);
			dependencies = (
			);
			name = Allergykimi;
			packageProductDependencies = (
				A02FDC932B9991E100865830 /* SnapKit */,
				A02FDC962B99935000865830 /* Kingfisher */,
				A02FDC992B9993DF00865830 /* Realm */,
				A02FDC9B2B9993DF00865830 /* RealmSwift */,
				A02FDC9E2B99940C00865830 /* Alamofire */,
				A02FDCA12B99942100865830 /* Toast */,
				A02FDCBE2B99AA4F00865830 /* SwiftyXMLParser */,
			);
			productName = Allergykimi;
			productReference = A02FDC762B99835500865830 /* Allergykimi.app */;
			productType = "com.apple.product-type.application";
		};
/* End PBXNativeTarget section */

/* Begin PBXProject section */
		A02FDC6E2B99835500865830 /* Project object */ = {
			isa = PBXProject;
			attributes = {
				BuildIndependentTargetsInParallel = 1;
				LastSwiftUpdateCheck = 1520;
				LastUpgradeCheck = 1520;
				TargetAttributes = {
					A02FDC752B99835500865830 = {
						CreatedOnToolsVersion = 15.2;
					};
				};
			};
			buildConfigurationList = A02FDC712B99835500865830 /* Build configuration list for PBXProject "Allergykimi" */;
			compatibilityVersion = "Xcode 14.0";
			developmentRegion = en;
			hasScannedForEncodings = 0;
			knownRegions = (
				en,
				Base,
			);
			mainGroup = A02FDC6D2B99835500865830;
			packageReferences = (
				A02FDC922B9991E100865830 /* XCRemoteSwiftPackageReference "SnapKit" */,
				A02FDC952B99935000865830 /* XCRemoteSwiftPackageReference "Kingfisher" */,
				A02FDC982B9993DF00865830 /* XCRemoteSwiftPackageReference "realm-swift" */,
				A02FDC9D2B99940C00865830 /* XCRemoteSwiftPackageReference "Alamofire" */,
				A02FDCA02B99942100865830 /* XCRemoteSwiftPackageReference "Toast-Swift" */,
				A02FDCBD2B99AA4F00865830 /* XCRemoteSwiftPackageReference "SwiftyXMLParser" */,
			);
			productRefGroup = A02FDC772B99835500865830 /* Products */;
			projectDirPath = "";
			projectRoot = "";
			targets = (
				A02FDC752B99835500865830 /* Allergykimi */,
			);
		};
/* End PBXProject section */

/* Begin PBXResourcesBuildPhase section */
		A02FDC742B99835500865830 /* Resources */ = {
			isa = PBXResourcesBuildPhase;
			buildActionMask = 2147483647;
			files = (
				A02FDC8E2B99860000865830 /* .gitignore in Resources */,
				A02FDC862B99835800865830 /* LaunchScreen.storyboard in Resources */,
				A02FDC832B99835800865830 /* Assets.xcassets in Resources */,
				A02FDC812B99835500865830 /* Main.storyboard in Resources */,
			);
			runOnlyForDeploymentPostprocessing = 0;
		};
/* End PBXResourcesBuildPhase section */

/* Begin PBXShellScriptBuildPhase section */
		14C5A27F4E3727F516D54EF6 /* [CP] Embed Pods Frameworks */ = {
			isa = PBXShellScriptBuildPhase;
			buildActionMask = 2147483647;
			files = (
			);
			inputFileListPaths = (
				"${PODS_ROOT}/Target Support Files/Pods-Allergykimi/Pods-Allergykimi-frameworks-${CONFIGURATION}-input-files.xcfilelist",
			);
			name = "[CP] Embed Pods Frameworks";
			outputFileListPaths = (
				"${PODS_ROOT}/Target Support Files/Pods-Allergykimi/Pods-Allergykimi-frameworks-${CONFIGURATION}-output-files.xcfilelist",
			);
			runOnlyForDeploymentPostprocessing = 0;
			shellPath = /bin/sh;
			shellScript = "\"${PODS_ROOT}/Target Support Files/Pods-Allergykimi/Pods-Allergykimi-frameworks.sh\"\n";
			showEnvVarsInLog = 0;
		};
		738A9060473B8E95B704B3E7 /* [CP] Check Pods Manifest.lock */ = {
			isa = PBXShellScriptBuildPhase;
			buildActionMask = 2147483647;
			files = (
			);
			inputFileListPaths = (
			);
			inputPaths = (
				"${PODS_PODFILE_DIR_PATH}/Podfile.lock",
				"${PODS_ROOT}/Manifest.lock",
			);
			name = "[CP] Check Pods Manifest.lock";
			outputFileListPaths = (
			);
			outputPaths = (
				"$(DERIVED_FILE_DIR)/Pods-Allergykimi-checkManifestLockResult.txt",
			);
			runOnlyForDeploymentPostprocessing = 0;
			shellPath = /bin/sh;
			shellScript = "diff \"${PODS_PODFILE_DIR_PATH}/Podfile.lock\" \"${PODS_ROOT}/Manifest.lock\" > /dev/null\nif [ $? != 0 ] ; then\n    # print error to STDERR\n    echo \"error: The sandbox is not in sync with the Podfile.lock. Run 'pod install' or update your CocoaPods installation.\" >&2\n    exit 1\nfi\n# This output is used by Xcode 'outputs' to avoid re-running this script phase.\necho \"SUCCESS\" > \"${SCRIPT_OUTPUT_FILE_0}\"\n";
			showEnvVarsInLog = 0;
		};
/* End PBXShellScriptBuildPhase section */

/* Begin PBXSourcesBuildPhase section */
		A02FDC722B99835500865830 /* Sources */ = {
			isa = PBXSourcesBuildPhase;
			buildActionMask = 2147483647;
			files = (
				A02FDCB62B99A01100865830 /* Products.swift in Sources */,
				A02FDCB42B999DD100865830 /* APIManager.swift in Sources */,
				A08D57F62BA04EF000824C4F /* ProductDetailViewController.swift in Sources */,
				A02FDCA72B99982E00865830 /* BaseCollectionViewCell.swift in Sources */,
				A093607A2B9F039A00BF2E62 /* BaseView.swift in Sources */,
				A08D57F12BA014AB00824C4F /* SearchViewModel.swift in Sources */,
				A02FDCBA2B99A3F100865830 /* DataAPI.swift in Sources */,
				A02FDC7E2B99835500865830 /* ViewController.swift in Sources */,
				A093606F2B9EECF400BF2E62 /* HomeViewController.swift in Sources */,
				A02FDCA52B9997D700865830 /* BaseViewController.swift in Sources */,
				A02FDCB22B999C6300865830 /* Observable.swift in Sources */,
				A09360782B9F02B800BF2E62 /* ProfileView.swift in Sources */,
				A09360732B9EF56600BF2E62 /* CustomTabBarController.swift in Sources */,
				A02FDCB82B99A02300865830 /* Pharmacy.swift in Sources */,
				A04D75AA2B9F5A0D00F660A7 /* SearchViewController.swift in Sources */,
				A09360762B9EFA2800BF2E62 /* MyPageViewController.swift in Sources */,
				A02FDC7A2B99835500865830 /* AppDelegate.swift in Sources */,
				A08D57F42BA01F3600824C4F /* ProductsCollectionViewCell.swift in Sources */,
				A02FDCA92B99984E00865830 /* BaseTableViewCell.swift in Sources */,
				A02FDCBC2B99A5E800865830 /* APIKey.swift in Sources */,
				A02FDC7C2B99835500865830 /* SceneDelegate.swift in Sources */,
			);
			runOnlyForDeploymentPostprocessing = 0;
		};
/* End PBXSourcesBuildPhase section */

/* Begin PBXVariantGroup section */
		A02FDC7F2B99835500865830 /* Main.storyboard */ = {
			isa = PBXVariantGroup;
			children = (
				A02FDC802B99835500865830 /* Base */,
			);
			name = Main.storyboard;
			sourceTree = "<group>";
		};
		A02FDC842B99835800865830 /* LaunchScreen.storyboard */ = {
			isa = PBXVariantGroup;
			children = (
				A02FDC852B99835800865830 /* Base */,
			);
			name = LaunchScreen.storyboard;
			sourceTree = "<group>";
		};
/* End PBXVariantGroup section */

/* Begin XCBuildConfiguration section */
		A02FDC882B99835800865830 /* Debug */ = {
			isa = XCBuildConfiguration;
			buildSettings = {
				ALWAYS_SEARCH_USER_PATHS = NO;
				ASSETCATALOG_COMPILER_GENERATE_SWIFT_ASSET_SYMBOL_EXTENSIONS = YES;
				CLANG_ANALYZER_NONNULL = YES;
				CLANG_ANALYZER_NUMBER_OBJECT_CONVERSION = YES_AGGRESSIVE;
				CLANG_CXX_LANGUAGE_STANDARD = "gnu++20";
				CLANG_ENABLE_MODULES = YES;
				CLANG_ENABLE_OBJC_ARC = YES;
				CLANG_ENABLE_OBJC_WEAK = YES;
				CLANG_WARN_BLOCK_CAPTURE_AUTORELEASING = YES;
				CLANG_WARN_BOOL_CONVERSION = YES;
				CLANG_WARN_COMMA = YES;
				CLANG_WARN_CONSTANT_CONVERSION = YES;
				CLANG_WARN_DEPRECATED_OBJC_IMPLEMENTATIONS = YES;
				CLANG_WARN_DIRECT_OBJC_ISA_USAGE = YES_ERROR;
				CLANG_WARN_DOCUMENTATION_COMMENTS = YES;
				CLANG_WARN_EMPTY_BODY = YES;
				CLANG_WARN_ENUM_CONVERSION = YES;
				CLANG_WARN_INFINITE_RECURSION = YES;
				CLANG_WARN_INT_CONVERSION = YES;
				CLANG_WARN_NON_LITERAL_NULL_CONVERSION = YES;
				CLANG_WARN_OBJC_IMPLICIT_RETAIN_SELF = YES;
				CLANG_WARN_OBJC_LITERAL_CONVERSION = YES;
				CLANG_WARN_OBJC_ROOT_CLASS = YES_ERROR;
				CLANG_WARN_QUOTED_INCLUDE_IN_FRAMEWORK_HEADER = YES;
				CLANG_WARN_RANGE_LOOP_ANALYSIS = YES;
				CLANG_WARN_STRICT_PROTOTYPES = YES;
				CLANG_WARN_SUSPICIOUS_MOVE = YES;
				CLANG_WARN_UNGUARDED_AVAILABILITY = YES_AGGRESSIVE;
				CLANG_WARN_UNREACHABLE_CODE = YES;
				CLANG_WARN__DUPLICATE_METHOD_MATCH = YES;
				COPY_PHASE_STRIP = NO;
				DEBUG_INFORMATION_FORMAT = dwarf;
				ENABLE_STRICT_OBJC_MSGSEND = YES;
				ENABLE_TESTABILITY = YES;
				ENABLE_USER_SCRIPT_SANDBOXING = NO;
				GCC_C_LANGUAGE_STANDARD = gnu17;
				GCC_DYNAMIC_NO_PIC = NO;
				GCC_NO_COMMON_BLOCKS = YES;
				GCC_OPTIMIZATION_LEVEL = 0;
				GCC_PREPROCESSOR_DEFINITIONS = (
					"DEBUG=1",
					"$(inherited)",
				);
				GCC_WARN_64_TO_32_BIT_CONVERSION = YES;
				GCC_WARN_ABOUT_RETURN_TYPE = YES_ERROR;
				GCC_WARN_UNDECLARED_SELECTOR = YES;
				GCC_WARN_UNINITIALIZED_AUTOS = YES_AGGRESSIVE;
				GCC_WARN_UNUSED_FUNCTION = YES;
				GCC_WARN_UNUSED_VARIABLE = YES;
				IPHONEOS_DEPLOYMENT_TARGET = 17.2;
				LOCALIZATION_PREFERS_STRING_CATALOGS = YES;
				MTL_ENABLE_DEBUG_INFO = INCLUDE_SOURCE;
				MTL_FAST_MATH = YES;
				ONLY_ACTIVE_ARCH = YES;
				SDKROOT = iphoneos;
				SWIFT_ACTIVE_COMPILATION_CONDITIONS = "DEBUG $(inherited)";
				SWIFT_OPTIMIZATION_LEVEL = "-Onone";
			};
			name = Debug;
		};
		A02FDC892B99835800865830 /* Release */ = {
			isa = XCBuildConfiguration;
			buildSettings = {
				ALWAYS_SEARCH_USER_PATHS = NO;
				ASSETCATALOG_COMPILER_GENERATE_SWIFT_ASSET_SYMBOL_EXTENSIONS = YES;
				CLANG_ANALYZER_NONNULL = YES;
				CLANG_ANALYZER_NUMBER_OBJECT_CONVERSION = YES_AGGRESSIVE;
				CLANG_CXX_LANGUAGE_STANDARD = "gnu++20";
				CLANG_ENABLE_MODULES = YES;
				CLANG_ENABLE_OBJC_ARC = YES;
				CLANG_ENABLE_OBJC_WEAK = YES;
				CLANG_WARN_BLOCK_CAPTURE_AUTORELEASING = YES;
				CLANG_WARN_BOOL_CONVERSION = YES;
				CLANG_WARN_COMMA = YES;
				CLANG_WARN_CONSTANT_CONVERSION = YES;
				CLANG_WARN_DEPRECATED_OBJC_IMPLEMENTATIONS = YES;
				CLANG_WARN_DIRECT_OBJC_ISA_USAGE = YES_ERROR;
				CLANG_WARN_DOCUMENTATION_COMMENTS = YES;
				CLANG_WARN_EMPTY_BODY = YES;
				CLANG_WARN_ENUM_CONVERSION = YES;
				CLANG_WARN_INFINITE_RECURSION = YES;
				CLANG_WARN_INT_CONVERSION = YES;
				CLANG_WARN_NON_LITERAL_NULL_CONVERSION = YES;
				CLANG_WARN_OBJC_IMPLICIT_RETAIN_SELF = YES;
				CLANG_WARN_OBJC_LITERAL_CONVERSION = YES;
				CLANG_WARN_OBJC_ROOT_CLASS = YES_ERROR;
				CLANG_WARN_QUOTED_INCLUDE_IN_FRAMEWORK_HEADER = YES;
				CLANG_WARN_RANGE_LOOP_ANALYSIS = YES;
				CLANG_WARN_STRICT_PROTOTYPES = YES;
				CLANG_WARN_SUSPICIOUS_MOVE = YES;
				CLANG_WARN_UNGUARDED_AVAILABILITY = YES_AGGRESSIVE;
				CLANG_WARN_UNREACHABLE_CODE = YES;
				CLANG_WARN__DUPLICATE_METHOD_MATCH = YES;
				COPY_PHASE_STRIP = NO;
				DEBUG_INFORMATION_FORMAT = "dwarf-with-dsym";
				ENABLE_NS_ASSERTIONS = NO;
				ENABLE_STRICT_OBJC_MSGSEND = YES;
				ENABLE_USER_SCRIPT_SANDBOXING = NO;
				GCC_C_LANGUAGE_STANDARD = gnu17;
				GCC_NO_COMMON_BLOCKS = YES;
				GCC_WARN_64_TO_32_BIT_CONVERSION = YES;
				GCC_WARN_ABOUT_RETURN_TYPE = YES_ERROR;
				GCC_WARN_UNDECLARED_SELECTOR = YES;
				GCC_WARN_UNINITIALIZED_AUTOS = YES_AGGRESSIVE;
				GCC_WARN_UNUSED_FUNCTION = YES;
				GCC_WARN_UNUSED_VARIABLE = YES;
				IPHONEOS_DEPLOYMENT_TARGET = 17.2;
				LOCALIZATION_PREFERS_STRING_CATALOGS = YES;
				MTL_ENABLE_DEBUG_INFO = NO;
				MTL_FAST_MATH = YES;
				SDKROOT = iphoneos;
				SWIFT_COMPILATION_MODE = wholemodule;
				VALIDATE_PRODUCT = YES;
			};
			name = Release;
		};
		A02FDC8B2B99835800865830 /* Debug */ = {
			isa = XCBuildConfiguration;
			baseConfigurationReference = AA1900F478F7EED25EA07585 /* Pods-Allergykimi.debug.xcconfig */;
			buildSettings = {
				ASSETCATALOG_COMPILER_APPICON_NAME = AppIcon;
				ASSETCATALOG_COMPILER_GLOBAL_ACCENT_COLOR_NAME = AccentColor;
				CODE_SIGN_STYLE = Automatic;
				CURRENT_PROJECT_VERSION = 1;
				DEVELOPMENT_TEAM = 47VP7M3T34;
				GENERATE_INFOPLIST_FILE = YES;
				INFOPLIST_FILE = Allergykimi/Info.plist;
				INFOPLIST_KEY_UIApplicationSupportsIndirectInputEvents = YES;
				INFOPLIST_KEY_UILaunchStoryboardName = LaunchScreen;
				INFOPLIST_KEY_UIMainStoryboardFile = Main;
				INFOPLIST_KEY_UISupportedInterfaceOrientations = UIInterfaceOrientationPortrait;
				INFOPLIST_KEY_UISupportedInterfaceOrientations_iPad = "UIInterfaceOrientationLandscapeLeft UIInterfaceOrientationLandscapeRight UIInterfaceOrientationPortrait UIInterfaceOrientationPortraitUpsideDown";
				IPHONEOS_DEPLOYMENT_TARGET = 16.0;
				LD_RUNPATH_SEARCH_PATHS = (
					"$(inherited)",
					"@executable_path/Frameworks",
				);
				MARKETING_VERSION = 1.0;
				PRODUCT_BUNDLE_IDENTIFIER = com.Seou.Allergykimi;
				PRODUCT_NAME = "$(TARGET_NAME)";
				SUPPORTED_PLATFORMS = "iphoneos iphonesimulator";
				SUPPORTS_MACCATALYST = NO;
				SUPPORTS_MAC_DESIGNED_FOR_IPHONE_IPAD = NO;
				SUPPORTS_XR_DESIGNED_FOR_IPHONE_IPAD = NO;
				SWIFT_EMIT_LOC_STRINGS = YES;
				SWIFT_VERSION = 5.0;
				TARGETED_DEVICE_FAMILY = 1;
			};
			name = Debug;
		};
		A02FDC8C2B99835800865830 /* Release */ = {
			isa = XCBuildConfiguration;
			baseConfigurationReference = 42748818B3109C253A9921D1 /* Pods-Allergykimi.release.xcconfig */;
			buildSettings = {
				ASSETCATALOG_COMPILER_APPICON_NAME = AppIcon;
				ASSETCATALOG_COMPILER_GLOBAL_ACCENT_COLOR_NAME = AccentColor;
				CODE_SIGN_STYLE = Automatic;
				CURRENT_PROJECT_VERSION = 1;
				DEVELOPMENT_TEAM = 47VP7M3T34;
				GENERATE_INFOPLIST_FILE = YES;
				INFOPLIST_FILE = Allergykimi/Info.plist;
				INFOPLIST_KEY_UIApplicationSupportsIndirectInputEvents = YES;
				INFOPLIST_KEY_UILaunchStoryboardName = LaunchScreen;
				INFOPLIST_KEY_UIMainStoryboardFile = Main;
				INFOPLIST_KEY_UISupportedInterfaceOrientations = UIInterfaceOrientationPortrait;
				INFOPLIST_KEY_UISupportedInterfaceOrientations_iPad = "UIInterfaceOrientationLandscapeLeft UIInterfaceOrientationLandscapeRight UIInterfaceOrientationPortrait UIInterfaceOrientationPortraitUpsideDown";
				IPHONEOS_DEPLOYMENT_TARGET = 16.0;
				LD_RUNPATH_SEARCH_PATHS = (
					"$(inherited)",
					"@executable_path/Frameworks",
				);
				MARKETING_VERSION = 1.0;
				PRODUCT_BUNDLE_IDENTIFIER = com.Seou.Allergykimi;
				PRODUCT_NAME = "$(TARGET_NAME)";
				SUPPORTED_PLATFORMS = "iphoneos iphonesimulator";
				SUPPORTS_MACCATALYST = NO;
				SUPPORTS_MAC_DESIGNED_FOR_IPHONE_IPAD = NO;
				SUPPORTS_XR_DESIGNED_FOR_IPHONE_IPAD = NO;
				SWIFT_EMIT_LOC_STRINGS = YES;
				SWIFT_VERSION = 5.0;
				TARGETED_DEVICE_FAMILY = 1;
			};
			name = Release;
		};
/* End XCBuildConfiguration section */

/* Begin XCConfigurationList section */
		A02FDC712B99835500865830 /* Build configuration list for PBXProject "Allergykimi" */ = {
			isa = XCConfigurationList;
			buildConfigurations = (
				A02FDC882B99835800865830 /* Debug */,
				A02FDC892B99835800865830 /* Release */,
			);
			defaultConfigurationIsVisible = 0;
			defaultConfigurationName = Release;
		};
		A02FDC8A2B99835800865830 /* Build configuration list for PBXNativeTarget "Allergykimi" */ = {
			isa = XCConfigurationList;
			buildConfigurations = (
				A02FDC8B2B99835800865830 /* Debug */,
				A02FDC8C2B99835800865830 /* Release */,
			);
			defaultConfigurationIsVisible = 0;
			defaultConfigurationName = Release;
		};
/* End XCConfigurationList section */

/* Begin XCRemoteSwiftPackageReference section */
		A02FDC922B9991E100865830 /* XCRemoteSwiftPackageReference "SnapKit" */ = {
			isa = XCRemoteSwiftPackageReference;
			repositoryURL = "https://github.com/SnapKit/SnapKit.git";
			requirement = {
				kind = upToNextMajorVersion;
				minimumVersion = 5.7.1;
			};
		};
		A02FDC952B99935000865830 /* XCRemoteSwiftPackageReference "Kingfisher" */ = {
			isa = XCRemoteSwiftPackageReference;
			repositoryURL = "https://github.com/onevcat/Kingfisher.git";
			requirement = {
				kind = upToNextMajorVersion;
				minimumVersion = 7.11.0;
			};
		};
		A02FDC982B9993DF00865830 /* XCRemoteSwiftPackageReference "realm-swift" */ = {
			isa = XCRemoteSwiftPackageReference;
			repositoryURL = "https://github.com/realm/realm-swift.git";
			requirement = {
				kind = upToNextMajorVersion;
				minimumVersion = 10.47.0;
			};
		};
		A02FDC9D2B99940C00865830 /* XCRemoteSwiftPackageReference "Alamofire" */ = {
			isa = XCRemoteSwiftPackageReference;
			repositoryURL = "https://github.com/Alamofire/Alamofire.git";
			requirement = {
				kind = upToNextMajorVersion;
				minimumVersion = 5.9.0;
			};
		};
		A02FDCA02B99942100865830 /* XCRemoteSwiftPackageReference "Toast-Swift" */ = {
			isa = XCRemoteSwiftPackageReference;
			repositoryURL = "https://github.com/scalessec/Toast-Swift.git";
			requirement = {
				kind = upToNextMajorVersion;
				minimumVersion = 5.1.0;
			};
		};
		A02FDCBD2B99AA4F00865830 /* XCRemoteSwiftPackageReference "SwiftyXMLParser" */ = {
			isa = XCRemoteSwiftPackageReference;
			repositoryURL = "https://github.com/yahoojapan/SwiftyXMLParser.git";
			requirement = {
				kind = upToNextMajorVersion;
				minimumVersion = 5.6.0;
			};
		};
/* End XCRemoteSwiftPackageReference section */

/* Begin XCSwiftPackageProductDependency section */
		A02FDC932B9991E100865830 /* SnapKit */ = {
			isa = XCSwiftPackageProductDependency;
			package = A02FDC922B9991E100865830 /* XCRemoteSwiftPackageReference "SnapKit" */;
			productName = SnapKit;
		};
		A02FDC962B99935000865830 /* Kingfisher */ = {
			isa = XCSwiftPackageProductDependency;
			package = A02FDC952B99935000865830 /* XCRemoteSwiftPackageReference "Kingfisher" */;
			productName = Kingfisher;
		};
		A02FDC992B9993DF00865830 /* Realm */ = {
			isa = XCSwiftPackageProductDependency;
			package = A02FDC982B9993DF00865830 /* XCRemoteSwiftPackageReference "realm-swift" */;
			productName = Realm;
		};
		A02FDC9B2B9993DF00865830 /* RealmSwift */ = {
			isa = XCSwiftPackageProductDependency;
			package = A02FDC982B9993DF00865830 /* XCRemoteSwiftPackageReference "realm-swift" */;
			productName = RealmSwift;
		};
		A02FDC9E2B99940C00865830 /* Alamofire */ = {
			isa = XCSwiftPackageProductDependency;
			package = A02FDC9D2B99940C00865830 /* XCRemoteSwiftPackageReference "Alamofire" */;
			productName = Alamofire;
		};
		A02FDCA12B99942100865830 /* Toast */ = {
			isa = XCSwiftPackageProductDependency;
			package = A02FDCA02B99942100865830 /* XCRemoteSwiftPackageReference "Toast-Swift" */;
			productName = Toast;
		};
		A02FDCBE2B99AA4F00865830 /* SwiftyXMLParser */ = {
			isa = XCSwiftPackageProductDependency;
			package = A02FDCBD2B99AA4F00865830 /* XCRemoteSwiftPackageReference "SwiftyXMLParser" */;
			productName = SwiftyXMLParser;
		};
/* End XCSwiftPackageProductDependency section */
	};
	rootObject = A02FDC6E2B99835500865830 /* Project object */;
}
