// !$*UTF8*$!
{
	archiveVersion = 1;
	classes = {
	};
	objectVersion = 56;
	objects = {

/* Begin PBXBuildFile section */
		A00532BF2BA3E922002548DA /* String+Extension.swift in Sources */ = {isa = PBXBuildFile; fileRef = A00532BE2BA3E922002548DA /* String+Extension.swift */; };
		A01FC1292BAEC802009880FE /* ProfileView.swift in Sources */ = {isa = PBXBuildFile; fileRef = A01FC1282BAEC802009880FE /* ProfileView.swift */; };
		A01FC12B2BAECCA7009880FE /* SettingsViewController.swift in Sources */ = {isa = PBXBuildFile; fileRef = A01FC12A2BAECCA7009880FE /* SettingsViewController.swift */; };
		A01FC12D2BAF2488009880FE /* ProductsContainer.swift in Sources */ = {isa = PBXBuildFile; fileRef = A01FC12C2BAF2488009880FE /* ProductsContainer.swift */; };
		A01FC12F2BAF26FD009880FE /* BannerContainer.swift in Sources */ = {isa = PBXBuildFile; fileRef = A01FC12E2BAF26FD009880FE /* BannerContainer.swift */; };
		A01FC1322BAF33E2009880FE /* ProductCollectionViewCell.swift in Sources */ = {isa = PBXBuildFile; fileRef = A01FC1312BAF33E2009880FE /* ProductCollectionViewCell.swift */; };
		A01FC1362BAFE426009880FE /* GoogleService-Info.plist in Resources */ = {isa = PBXBuildFile; fileRef = A01FC1352BAFE426009880FE /* GoogleService-Info.plist */; };
		A01FC1392BAFE4D6009880FE /* FirebaseAnalyticsWithoutAdIdSupport in Frameworks */ = {isa = PBXBuildFile; productRef = A01FC1382BAFE4D6009880FE /* FirebaseAnalyticsWithoutAdIdSupport */; };
		A01FC13B2BAFE4D6009880FE /* FirebaseCrashlytics in Frameworks */ = {isa = PBXBuildFile; productRef = A01FC13A2BAFE4D6009880FE /* FirebaseCrashlytics */; };
		A01FC13D2BAFE4D6009880FE /* FirebaseMessaging in Frameworks */ = {isa = PBXBuildFile; productRef = A01FC13C2BAFE4D6009880FE /* FirebaseMessaging */; };
		A01FC1402BAFFB69009880FE /* ProductHeaderReusableView.swift in Sources */ = {isa = PBXBuildFile; fileRef = A01FC13F2BAFFB69009880FE /* ProductHeaderReusableView.swift */; };
		A01FC1422BB023F5009880FE /* ImageStorageManager.swift in Sources */ = {isa = PBXBuildFile; fileRef = A01FC1412BB023F5009880FE /* ImageStorageManager.swift */; };
		A01FC1442BB03869009880FE /* EmptyCollectionViewCell.swift in Sources */ = {isa = PBXBuildFile; fileRef = A01FC1432BB03869009880FE /* EmptyCollectionViewCell.swift */; };
		A020B2252BA16EC4002B4C89 /* UIViewController+Extension.swift in Sources */ = {isa = PBXBuildFile; fileRef = A020B2242BA16EC4002B4C89 /* UIViewController+Extension.swift */; };
		A020B22C2BA17745002B4C89 /* RegisterAllergyViewController.swift in Sources */ = {isa = PBXBuildFile; fileRef = A020B22B2BA17745002B4C89 /* RegisterAllergyViewController.swift */; };
		A020B22E2BA186ED002B4C89 /* LeftAlignedCollectionViewFlowLayout.swift in Sources */ = {isa = PBXBuildFile; fileRef = A020B22D2BA186ED002B4C89 /* LeftAlignedCollectionViewFlowLayout.swift */; };
		A020B2302BA1894C002B4C89 /* TagCollectionViewCell.swift in Sources */ = {isa = PBXBuildFile; fileRef = A020B22F2BA1894C002B4C89 /* TagCollectionViewCell.swift */; };
		A020B2362BA32D0F002B4C89 /* UserDefaultsManager.swift in Sources */ = {isa = PBXBuildFile; fileRef = A020B2352BA32D0E002B4C89 /* UserDefaultsManager.swift */; };
		A02FDC7A2B99835500865830 /* AppDelegate.swift in Sources */ = {isa = PBXBuildFile; fileRef = A02FDC792B99835500865830 /* AppDelegate.swift */; };
		A02FDC7C2B99835500865830 /* SceneDelegate.swift in Sources */ = {isa = PBXBuildFile; fileRef = A02FDC7B2B99835500865830 /* SceneDelegate.swift */; };
		A02FDC812B99835500865830 /* Main.storyboard in Resources */ = {isa = PBXBuildFile; fileRef = A02FDC7F2B99835500865830 /* Main.storyboard */; };
		A02FDC832B99835800865830 /* Assets.xcassets in Resources */ = {isa = PBXBuildFile; fileRef = A02FDC822B99835800865830 /* Assets.xcassets */; };
		A02FDC862B99835800865830 /* LaunchScreen.storyboard in Resources */ = {isa = PBXBuildFile; fileRef = A02FDC842B99835800865830 /* LaunchScreen.storyboard */; };
		A02FDC8E2B99860000865830 /* .gitignore in Resources */ = {isa = PBXBuildFile; fileRef = A02FDC8D2B99860000865830 /* .gitignore */; };
		A02FDC942B9991E100865830 /* SnapKit in Frameworks */ = {isa = PBXBuildFile; productRef = A02FDC932B9991E100865830 /* SnapKit */; };
		A02FDC972B99935000865830 /* Kingfisher in Frameworks */ = {isa = PBXBuildFile; productRef = A02FDC962B99935000865830 /* Kingfisher */; };
		A02FDC9A2B9993DF00865830 /* Realm in Frameworks */ = {isa = PBXBuildFile; productRef = A02FDC992B9993DF00865830 /* Realm */; };
		A02FDC9C2B9993DF00865830 /* RealmSwift in Frameworks */ = {isa = PBXBuildFile; productRef = A02FDC9B2B9993DF00865830 /* RealmSwift */; };
		A02FDC9F2B99940C00865830 /* Alamofire in Frameworks */ = {isa = PBXBuildFile; productRef = A02FDC9E2B99940C00865830 /* Alamofire */; };
		A02FDCA22B99942100865830 /* Toast in Frameworks */ = {isa = PBXBuildFile; productRef = A02FDCA12B99942100865830 /* Toast */; };
		A02FDCA52B9997D700865830 /* BaseViewController.swift in Sources */ = {isa = PBXBuildFile; fileRef = A02FDCA42B9997D700865830 /* BaseViewController.swift */; };
		A02FDCA72B99982E00865830 /* BaseCollectionViewCell.swift in Sources */ = {isa = PBXBuildFile; fileRef = A02FDCA62B99982E00865830 /* BaseCollectionViewCell.swift */; };
		A02FDCA92B99984E00865830 /* BaseTableViewCell.swift in Sources */ = {isa = PBXBuildFile; fileRef = A02FDCA82B99984E00865830 /* BaseTableViewCell.swift */; };
		A02FDCB22B999C6300865830 /* Observable.swift in Sources */ = {isa = PBXBuildFile; fileRef = A02FDCB12B999C6300865830 /* Observable.swift */; };
		A02FDCB42B999DD100865830 /* APIManager.swift in Sources */ = {isa = PBXBuildFile; fileRef = A02FDCB32B999DD100865830 /* APIManager.swift */; };
		A02FDCB62B99A01100865830 /* Products.swift in Sources */ = {isa = PBXBuildFile; fileRef = A02FDCB52B99A01000865830 /* Products.swift */; };
		A02FDCB82B99A02300865830 /* Pharmacy.swift in Sources */ = {isa = PBXBuildFile; fileRef = A02FDCB72B99A02300865830 /* Pharmacy.swift */; };
		A02FDCBA2B99A3F100865830 /* DataAPI.swift in Sources */ = {isa = PBXBuildFile; fileRef = A02FDCB92B99A3F100865830 /* DataAPI.swift */; };
		A02FDCBC2B99A5E800865830 /* APIKey.swift in Sources */ = {isa = PBXBuildFile; fileRef = A02FDCBB2B99A5E800865830 /* APIKey.swift */; };
		A02FDCBF2B99AA4F00865830 /* SwiftyXMLParser in Frameworks */ = {isa = PBXBuildFile; productRef = A02FDCBE2B99AA4F00865830 /* SwiftyXMLParser */; };
		A049B45B2BAC5CDC009A1044 /* FloatingPharmacyInfoView.swift in Sources */ = {isa = PBXBuildFile; fileRef = A049B45A2BAC5CDC009A1044 /* FloatingPharmacyInfoView.swift */; };
		A04D75AA2B9F5A0D00F660A7 /* SearchViewController.swift in Sources */ = {isa = PBXBuildFile; fileRef = A04D75A92B9F5A0D00F660A7 /* SearchViewController.swift */; };
		A06A18892BA8719800D52A5C /* FiliterTagCollectionViewCell.swift in Sources */ = {isa = PBXBuildFile; fileRef = A06A18882BA8719800D52A5C /* FiliterTagCollectionViewCell.swift */; };
		A06A188C2BA89FDE00D52A5C /* FilterBottomSheetViewController.swift in Sources */ = {isa = PBXBuildFile; fileRef = A06A188B2BA89FDE00D52A5C /* FilterBottomSheetViewController.swift */; };
		A06A188E2BA8AAAA00D52A5C /* FiliterSectionHeaderView.swift in Sources */ = {isa = PBXBuildFile; fileRef = A06A188D2BA8AAAA00D52A5C /* FiliterSectionHeaderView.swift */; };
		A06A18902BA8AAD300D52A5C /* BaseCollectionReusableView.swift in Sources */ = {isa = PBXBuildFile; fileRef = A06A188F2BA8AAD300D52A5C /* BaseCollectionReusableView.swift */; };
		A06A18922BA8B94D00D52A5C /* RegisterProfileViewController.swift in Sources */ = {isa = PBXBuildFile; fileRef = A06A18912BA8B94D00D52A5C /* RegisterProfileViewController.swift */; };
		A06A18942BA8B97F00D52A5C /* RegisterFinalInformationViewController.swift in Sources */ = {isa = PBXBuildFile; fileRef = A06A18932BA8B97F00D52A5C /* RegisterFinalInformationViewController.swift */; };
		A06A18972BA91B1700D52A5C /* wideButton.swift in Sources */ = {isa = PBXBuildFile; fileRef = A06A18962BA91B1700D52A5C /* wideButton.swift */; };
		A06A18AA2BAA6D1700D52A5C /* myProduct.swift in Sources */ = {isa = PBXBuildFile; fileRef = A06A18A92BAA6D1700D52A5C /* myProduct.swift */; };
		A06A18AC2BAA711800D52A5C /* RealmRepository.swift in Sources */ = {isa = PBXBuildFile; fileRef = A06A18AB2BAA711800D52A5C /* RealmRepository.swift */; };
		A06A18B62BAAB42700D52A5C /* WebViewController.swift in Sources */ = {isa = PBXBuildFile; fileRef = A06A18B52BAAB42700D52A5C /* WebViewController.swift */; };
		A06A18BC2BAB091200D52A5C /* ProductDetailViewModel.swift in Sources */ = {isa = PBXBuildFile; fileRef = A06A18BB2BAB091200D52A5C /* ProductDetailViewModel.swift */; };
		A06A18BD2BAB1FDA00D52A5C /* Pods_Allergykimi.framework in Frameworks */ = {isa = PBXBuildFile; fileRef = F96F26FC60191D038F353F7B /* Pods_Allergykimi.framework */; };
		A06A18C12BAB8E9D00D52A5C /* MapViewModel.swift in Sources */ = {isa = PBXBuildFile; fileRef = A06A18C02BAB8E9D00D52A5C /* MapViewModel.swift */; };
		A08D57F12BA014AB00824C4F /* SearchViewModel.swift in Sources */ = {isa = PBXBuildFile; fileRef = A08D57F02BA014AB00824C4F /* SearchViewModel.swift */; };
		A08D57F42BA01F3600824C4F /* ProductsCollectionViewCell.swift in Sources */ = {isa = PBXBuildFile; fileRef = A08D57F32BA01F3600824C4F /* ProductsCollectionViewCell.swift */; };
		A08D57F62BA04EF000824C4F /* ProductDetailViewController.swift in Sources */ = {isa = PBXBuildFile; fileRef = A08D57F52BA04EF000824C4F /* ProductDetailViewController.swift */; };
		A08D57F92BA05C4300824C4F /* Allergy.swift in Sources */ = {isa = PBXBuildFile; fileRef = A08D57F82BA05C4300824C4F /* Allergy.swift */; };
		A093606F2B9EECF400BF2E62 /* HomeViewController.swift in Sources */ = {isa = PBXBuildFile; fileRef = A093606E2B9EECF400BF2E62 /* HomeViewController.swift */; };
		A09360732B9EF56600BF2E62 /* BaseTabBarController.swift in Sources */ = {isa = PBXBuildFile; fileRef = A09360722B9EF56600BF2E62 /* BaseTabBarController.swift */; };
		A09360762B9EFA2800BF2E62 /* MyPageViewController.swift in Sources */ = {isa = PBXBuildFile; fileRef = A09360752B9EFA2800BF2E62 /* MyPageViewController.swift */; };
		A09360782B9F02B800BF2E62 /* MyPageProfileView.swift in Sources */ = {isa = PBXBuildFile; fileRef = A09360772B9F02B800BF2E62 /* MyPageProfileView.swift */; };
		A093607A2B9F039A00BF2E62 /* BaseView.swift in Sources */ = {isa = PBXBuildFile; fileRef = A09360792B9F039A00BF2E62 /* BaseView.swift */; };
		A0C086242BAD5F0F00058512 /* BaseNavBarViewController.swift in Sources */ = {isa = PBXBuildFile; fileRef = A0C086232BAD5F0F00058512 /* BaseNavBarViewController.swift */; };
		A0C086262BAD791800058512 /* UIView+Extension.swift in Sources */ = {isa = PBXBuildFile; fileRef = A0C086252BAD791800058512 /* UIView+Extension.swift */; };
		A0C0862C2BADA51E00058512 /* TmoneyRoundWindRegular.otf in Resources */ = {isa = PBXBuildFile; fileRef = A0C0862A2BADA51E00058512 /* TmoneyRoundWindRegular.otf */; };
		A0C0862D2BADA51E00058512 /* TmoneyRoundWindExtraBold.otf in Resources */ = {isa = PBXBuildFile; fileRef = A0C0862B2BADA51E00058512 /* TmoneyRoundWindExtraBold.otf */; };
		A0C086302BADA9DD00058512 /* AllergykimiFonts.swift in Sources */ = {isa = PBXBuildFile; fileRef = A0C0862F2BADA9DD00058512 /* AllergykimiFonts.swift */; };
		A0C086322BADD4BA00058512 /* SearchBarContainer.swift in Sources */ = {isa = PBXBuildFile; fileRef = A0C086312BADD4BA00058512 /* SearchBarContainer.swift */; };
		A0C086352BAE82DE00058512 /* ProfileRegistrationViewModel.swift in Sources */ = {isa = PBXBuildFile; fileRef = A0C086342BAE82DE00058512 /* ProfileRegistrationViewModel.swift */; };
		A0DF695D2BA7348100FB551B /* MapViewController.swift in Sources */ = {isa = PBXBuildFile; fileRef = A0DF695C2BA7348000FB551B /* MapViewController.swift */; };
		A0DF69622BA7C23C00FB551B /* ProductTagCollectionViewCell.swift in Sources */ = {isa = PBXBuildFile; fileRef = A0DF69612BA7C23C00FB551B /* ProductTagCollectionViewCell.swift */; };
		A0FB4E482BB174A6003BC9E0 /* AddViewController.swift in Sources */ = {isa = PBXBuildFile; fileRef = A0FB4E472BB174A6003BC9E0 /* AddViewController.swift */; };
/* End PBXBuildFile section */

/* Begin PBXFileReference section */
		42748818B3109C253A9921D1 /* Pods-Allergykimi.release.xcconfig */ = {isa = PBXFileReference; includeInIndex = 1; lastKnownFileType = text.xcconfig; name = "Pods-Allergykimi.release.xcconfig"; path = "Target Support Files/Pods-Allergykimi/Pods-Allergykimi.release.xcconfig"; sourceTree = "<group>"; };
		A00532BE2BA3E922002548DA /* String+Extension.swift */ = {isa = PBXFileReference; lastKnownFileType = sourcecode.swift; path = "String+Extension.swift"; sourceTree = "<group>"; };
		A01FC1282BAEC802009880FE /* ProfileView.swift */ = {isa = PBXFileReference; lastKnownFileType = sourcecode.swift; path = ProfileView.swift; sourceTree = "<group>"; };
		A01FC12A2BAECCA7009880FE /* SettingsViewController.swift */ = {isa = PBXFileReference; lastKnownFileType = sourcecode.swift; path = SettingsViewController.swift; sourceTree = "<group>"; };
		A01FC12C2BAF2488009880FE /* ProductsContainer.swift */ = {isa = PBXFileReference; lastKnownFileType = sourcecode.swift; path = ProductsContainer.swift; sourceTree = "<group>"; };
		A01FC12E2BAF26FD009880FE /* BannerContainer.swift */ = {isa = PBXFileReference; lastKnownFileType = sourcecode.swift; path = BannerContainer.swift; sourceTree = "<group>"; };
		A01FC1312BAF33E2009880FE /* ProductCollectionViewCell.swift */ = {isa = PBXFileReference; lastKnownFileType = sourcecode.swift; path = ProductCollectionViewCell.swift; sourceTree = "<group>"; };
		A01FC1352BAFE426009880FE /* GoogleService-Info.plist */ = {isa = PBXFileReference; fileEncoding = 4; lastKnownFileType = text.plist.xml; path = "GoogleService-Info.plist"; sourceTree = "<group>"; };
		A01FC13F2BAFFB69009880FE /* ProductHeaderReusableView.swift */ = {isa = PBXFileReference; lastKnownFileType = sourcecode.swift; path = ProductHeaderReusableView.swift; sourceTree = "<group>"; };
		A01FC1412BB023F5009880FE /* ImageStorageManager.swift */ = {isa = PBXFileReference; lastKnownFileType = sourcecode.swift; path = ImageStorageManager.swift; sourceTree = "<group>"; };
		A01FC1432BB03869009880FE /* EmptyCollectionViewCell.swift */ = {isa = PBXFileReference; lastKnownFileType = sourcecode.swift; path = EmptyCollectionViewCell.swift; sourceTree = "<group>"; };
		A01FC1452BB04F82009880FE /* Allergykimi.entitlements */ = {isa = PBXFileReference; lastKnownFileType = text.plist.entitlements; path = Allergykimi.entitlements; sourceTree = "<group>"; };
		A020B2242BA16EC4002B4C89 /* UIViewController+Extension.swift */ = {isa = PBXFileReference; lastKnownFileType = sourcecode.swift; path = "UIViewController+Extension.swift"; sourceTree = "<group>"; };
		A020B22B2BA17745002B4C89 /* RegisterAllergyViewController.swift */ = {isa = PBXFileReference; lastKnownFileType = sourcecode.swift; path = RegisterAllergyViewController.swift; sourceTree = "<group>"; };
		A020B22D2BA186ED002B4C89 /* LeftAlignedCollectionViewFlowLayout.swift */ = {isa = PBXFileReference; lastKnownFileType = sourcecode.swift; path = LeftAlignedCollectionViewFlowLayout.swift; sourceTree = "<group>"; };
		A020B22F2BA1894C002B4C89 /* TagCollectionViewCell.swift */ = {isa = PBXFileReference; lastKnownFileType = sourcecode.swift; path = TagCollectionViewCell.swift; sourceTree = "<group>"; };
		A020B2352BA32D0E002B4C89 /* UserDefaultsManager.swift */ = {isa = PBXFileReference; lastKnownFileType = sourcecode.swift; path = UserDefaultsManager.swift; sourceTree = "<group>"; };
		A02FDC762B99835500865830 /* Allergykimi.app */ = {isa = PBXFileReference; explicitFileType = wrapper.application; includeInIndex = 0; path = Allergykimi.app; sourceTree = BUILT_PRODUCTS_DIR; };
		A02FDC792B99835500865830 /* AppDelegate.swift */ = {isa = PBXFileReference; lastKnownFileType = sourcecode.swift; path = AppDelegate.swift; sourceTree = "<group>"; };
		A02FDC7B2B99835500865830 /* SceneDelegate.swift */ = {isa = PBXFileReference; lastKnownFileType = sourcecode.swift; path = SceneDelegate.swift; sourceTree = "<group>"; };
		A02FDC802B99835500865830 /* Base */ = {isa = PBXFileReference; lastKnownFileType = file.storyboard; name = Base; path = Base.lproj/Main.storyboard; sourceTree = "<group>"; };
		A02FDC822B99835800865830 /* Assets.xcassets */ = {isa = PBXFileReference; lastKnownFileType = folder.assetcatalog; path = Assets.xcassets; sourceTree = "<group>"; };
		A02FDC852B99835800865830 /* Base */ = {isa = PBXFileReference; lastKnownFileType = file.storyboard; name = Base; path = Base.lproj/LaunchScreen.storyboard; sourceTree = "<group>"; };
		A02FDC872B99835800865830 /* Info.plist */ = {isa = PBXFileReference; lastKnownFileType = text.plist.xml; path = Info.plist; sourceTree = "<group>"; };
		A02FDC8D2B99860000865830 /* .gitignore */ = {isa = PBXFileReference; lastKnownFileType = text; path = .gitignore; sourceTree = "<group>"; };
		A02FDCA42B9997D700865830 /* BaseViewController.swift */ = {isa = PBXFileReference; lastKnownFileType = sourcecode.swift; path = BaseViewController.swift; sourceTree = "<group>"; };
		A02FDCA62B99982E00865830 /* BaseCollectionViewCell.swift */ = {isa = PBXFileReference; lastKnownFileType = sourcecode.swift; path = BaseCollectionViewCell.swift; sourceTree = "<group>"; };
		A02FDCA82B99984E00865830 /* BaseTableViewCell.swift */ = {isa = PBXFileReference; lastKnownFileType = sourcecode.swift; path = BaseTableViewCell.swift; sourceTree = "<group>"; };
		A02FDCB12B999C6300865830 /* Observable.swift */ = {isa = PBXFileReference; lastKnownFileType = sourcecode.swift; path = Observable.swift; sourceTree = "<group>"; };
		A02FDCB32B999DD100865830 /* APIManager.swift */ = {isa = PBXFileReference; lastKnownFileType = sourcecode.swift; path = APIManager.swift; sourceTree = "<group>"; };
		A02FDCB52B99A01000865830 /* Products.swift */ = {isa = PBXFileReference; lastKnownFileType = sourcecode.swift; path = Products.swift; sourceTree = "<group>"; };
		A02FDCB72B99A02300865830 /* Pharmacy.swift */ = {isa = PBXFileReference; lastKnownFileType = sourcecode.swift; path = Pharmacy.swift; sourceTree = "<group>"; };
		A02FDCB92B99A3F100865830 /* DataAPI.swift */ = {isa = PBXFileReference; lastKnownFileType = sourcecode.swift; path = DataAPI.swift; sourceTree = "<group>"; };
		A02FDCBB2B99A5E800865830 /* APIKey.swift */ = {isa = PBXFileReference; lastKnownFileType = sourcecode.swift; path = APIKey.swift; sourceTree = "<group>"; };
		A049B45A2BAC5CDC009A1044 /* FloatingPharmacyInfoView.swift */ = {isa = PBXFileReference; lastKnownFileType = sourcecode.swift; path = FloatingPharmacyInfoView.swift; sourceTree = "<group>"; };
		A04D75A92B9F5A0D00F660A7 /* SearchViewController.swift */ = {isa = PBXFileReference; lastKnownFileType = sourcecode.swift; path = SearchViewController.swift; sourceTree = "<group>"; };
		A06A18882BA8719800D52A5C /* FiliterTagCollectionViewCell.swift */ = {isa = PBXFileReference; lastKnownFileType = sourcecode.swift; path = FiliterTagCollectionViewCell.swift; sourceTree = "<group>"; };
		A06A188B2BA89FDE00D52A5C /* FilterBottomSheetViewController.swift */ = {isa = PBXFileReference; lastKnownFileType = sourcecode.swift; path = FilterBottomSheetViewController.swift; sourceTree = "<group>"; };
		A06A188D2BA8AAAA00D52A5C /* FiliterSectionHeaderView.swift */ = {isa = PBXFileReference; lastKnownFileType = sourcecode.swift; path = FiliterSectionHeaderView.swift; sourceTree = "<group>"; };
		A06A188F2BA8AAD300D52A5C /* BaseCollectionReusableView.swift */ = {isa = PBXFileReference; lastKnownFileType = sourcecode.swift; path = BaseCollectionReusableView.swift; sourceTree = "<group>"; };
		A06A18912BA8B94D00D52A5C /* RegisterProfileViewController.swift */ = {isa = PBXFileReference; lastKnownFileType = sourcecode.swift; path = RegisterProfileViewController.swift; sourceTree = "<group>"; };
		A06A18932BA8B97F00D52A5C /* RegisterFinalInformationViewController.swift */ = {isa = PBXFileReference; lastKnownFileType = sourcecode.swift; path = RegisterFinalInformationViewController.swift; sourceTree = "<group>"; };
		A06A18962BA91B1700D52A5C /* wideButton.swift */ = {isa = PBXFileReference; lastKnownFileType = sourcecode.swift; path = wideButton.swift; sourceTree = "<group>"; };
		A06A18A92BAA6D1700D52A5C /* myProduct.swift */ = {isa = PBXFileReference; lastKnownFileType = sourcecode.swift; path = myProduct.swift; sourceTree = "<group>"; };
		A06A18AB2BAA711800D52A5C /* RealmRepository.swift */ = {isa = PBXFileReference; lastKnownFileType = sourcecode.swift; path = RealmRepository.swift; sourceTree = "<group>"; };
		A06A18B52BAAB42700D52A5C /* WebViewController.swift */ = {isa = PBXFileReference; lastKnownFileType = sourcecode.swift; path = WebViewController.swift; sourceTree = "<group>"; };
		A06A18BB2BAB091200D52A5C /* ProductDetailViewModel.swift */ = {isa = PBXFileReference; lastKnownFileType = sourcecode.swift; path = ProductDetailViewModel.swift; sourceTree = "<group>"; };
		A06A18C02BAB8E9D00D52A5C /* MapViewModel.swift */ = {isa = PBXFileReference; lastKnownFileType = sourcecode.swift; path = MapViewModel.swift; sourceTree = "<group>"; };
		A08D57F02BA014AB00824C4F /* SearchViewModel.swift */ = {isa = PBXFileReference; lastKnownFileType = sourcecode.swift; path = SearchViewModel.swift; sourceTree = "<group>"; };
		A08D57F32BA01F3600824C4F /* ProductsCollectionViewCell.swift */ = {isa = PBXFileReference; lastKnownFileType = sourcecode.swift; path = ProductsCollectionViewCell.swift; sourceTree = "<group>"; };
		A08D57F52BA04EF000824C4F /* ProductDetailViewController.swift */ = {isa = PBXFileReference; lastKnownFileType = sourcecode.swift; path = ProductDetailViewController.swift; sourceTree = "<group>"; };
		A08D57F82BA05C4300824C4F /* Allergy.swift */ = {isa = PBXFileReference; lastKnownFileType = sourcecode.swift; path = Allergy.swift; sourceTree = "<group>"; };
		A093606E2B9EECF400BF2E62 /* HomeViewController.swift */ = {isa = PBXFileReference; lastKnownFileType = sourcecode.swift; path = HomeViewController.swift; sourceTree = "<group>"; };
		A09360722B9EF56600BF2E62 /* BaseTabBarController.swift */ = {isa = PBXFileReference; lastKnownFileType = sourcecode.swift; name = BaseTabBarController.swift; path = ../Views/TabBar/BaseTabBarController.swift; sourceTree = "<group>"; };
		A09360752B9EFA2800BF2E62 /* MyPageViewController.swift */ = {isa = PBXFileReference; lastKnownFileType = sourcecode.swift; path = MyPageViewController.swift; sourceTree = "<group>"; };
		A09360772B9F02B800BF2E62 /* MyPageProfileView.swift */ = {isa = PBXFileReference; lastKnownFileType = sourcecode.swift; path = MyPageProfileView.swift; sourceTree = "<group>"; };
		A09360792B9F039A00BF2E62 /* BaseView.swift */ = {isa = PBXFileReference; lastKnownFileType = sourcecode.swift; path = BaseView.swift; sourceTree = "<group>"; };
		A0C086232BAD5F0F00058512 /* BaseNavBarViewController.swift */ = {isa = PBXFileReference; lastKnownFileType = sourcecode.swift; path = BaseNavBarViewController.swift; sourceTree = "<group>"; };
		A0C086252BAD791800058512 /* UIView+Extension.swift */ = {isa = PBXFileReference; lastKnownFileType = sourcecode.swift; path = "UIView+Extension.swift"; sourceTree = "<group>"; };
		A0C0862A2BADA51E00058512 /* TmoneyRoundWindRegular.otf */ = {isa = PBXFileReference; lastKnownFileType = file; path = TmoneyRoundWindRegular.otf; sourceTree = "<group>"; };
		A0C0862B2BADA51E00058512 /* TmoneyRoundWindExtraBold.otf */ = {isa = PBXFileReference; lastKnownFileType = file; path = TmoneyRoundWindExtraBold.otf; sourceTree = "<group>"; };
		A0C0862F2BADA9DD00058512 /* AllergykimiFonts.swift */ = {isa = PBXFileReference; lastKnownFileType = sourcecode.swift; path = AllergykimiFonts.swift; sourceTree = "<group>"; };
		A0C086312BADD4BA00058512 /* SearchBarContainer.swift */ = {isa = PBXFileReference; lastKnownFileType = sourcecode.swift; path = SearchBarContainer.swift; sourceTree = "<group>"; };
		A0C086342BAE82DE00058512 /* ProfileRegistrationViewModel.swift */ = {isa = PBXFileReference; lastKnownFileType = sourcecode.swift; path = ProfileRegistrationViewModel.swift; sourceTree = "<group>"; };
		A0DF695C2BA7348000FB551B /* MapViewController.swift */ = {isa = PBXFileReference; lastKnownFileType = sourcecode.swift; path = MapViewController.swift; sourceTree = "<group>"; };
		A0DF69612BA7C23C00FB551B /* ProductTagCollectionViewCell.swift */ = {isa = PBXFileReference; lastKnownFileType = sourcecode.swift; path = ProductTagCollectionViewCell.swift; sourceTree = "<group>"; };
		A0FB4E472BB174A6003BC9E0 /* AddViewController.swift */ = {isa = PBXFileReference; lastKnownFileType = sourcecode.swift; path = AddViewController.swift; sourceTree = "<group>"; };
		AA1900F478F7EED25EA07585 /* Pods-Allergykimi.debug.xcconfig */ = {isa = PBXFileReference; includeInIndex = 1; lastKnownFileType = text.xcconfig; name = "Pods-Allergykimi.debug.xcconfig"; path = "Target Support Files/Pods-Allergykimi/Pods-Allergykimi.debug.xcconfig"; sourceTree = "<group>"; };
		F96F26FC60191D038F353F7B /* Pods_Allergykimi.framework */ = {isa = PBXFileReference; explicitFileType = wrapper.framework; includeInIndex = 0; path = Pods_Allergykimi.framework; sourceTree = BUILT_PRODUCTS_DIR; };
/* End PBXFileReference section */

/* Begin PBXFrameworksBuildPhase section */
		A02FDC732B99835500865830 /* Frameworks */ = {
			isa = PBXFrameworksBuildPhase;
			buildActionMask = 2147483647;
			files = (
				A02FDCA22B99942100865830 /* Toast in Frameworks */,
				A02FDC9F2B99940C00865830 /* Alamofire in Frameworks */,
				A02FDC9C2B9993DF00865830 /* RealmSwift in Frameworks */,
				A02FDCBF2B99AA4F00865830 /* SwiftyXMLParser in Frameworks */,
				A02FDC9A2B9993DF00865830 /* Realm in Frameworks */,
				A06A18BD2BAB1FDA00D52A5C /* Pods_Allergykimi.framework in Frameworks */,
				A02FDC972B99935000865830 /* Kingfisher in Frameworks */,
				A01FC13B2BAFE4D6009880FE /* FirebaseCrashlytics in Frameworks */,
				A01FC1392BAFE4D6009880FE /* FirebaseAnalyticsWithoutAdIdSupport in Frameworks */,
				A01FC13D2BAFE4D6009880FE /* FirebaseMessaging in Frameworks */,
				A02FDC942B9991E100865830 /* SnapKit in Frameworks */,
			);
			runOnlyForDeploymentPostprocessing = 0;
		};
/* End PBXFrameworksBuildPhase section */

/* Begin PBXGroup section */
		46921015F21820B89F3ACDF6 /* Frameworks */ = {
			isa = PBXGroup;
			children = (
				F96F26FC60191D038F353F7B /* Pods_Allergykimi.framework */,
			);
			name = Frameworks;
			sourceTree = "<group>";
		};
		63E6F769D8C8265EB7DC8088 /* Pods */ = {
			isa = PBXGroup;
			children = (
				AA1900F478F7EED25EA07585 /* Pods-Allergykimi.debug.xcconfig */,
				42748818B3109C253A9921D1 /* Pods-Allergykimi.release.xcconfig */,
			);
			path = Pods;
			sourceTree = "<group>";
		};
		A01FC13E2BAFF439009880FE /* Setting */ = {
			isa = PBXGroup;
			children = (
				A01FC12A2BAECCA7009880FE /* SettingsViewController.swift */,
			);
			path = Setting;
			sourceTree = "<group>";
		};
		A020B2232BA16EB3002B4C89 /* Extension */ = {
			isa = PBXGroup;
			children = (
				A020B2242BA16EC4002B4C89 /* UIViewController+Extension.swift */,
				A00532BE2BA3E922002548DA /* String+Extension.swift */,
				A0C086252BAD791800058512 /* UIView+Extension.swift */,
			);
			path = Extension;
			sourceTree = "<group>";
		};
		A020B2272BA174E5002B4C89 /* Views */ = {
			isa = PBXGroup;
			children = (
				A0FB4E462BB17472003BC9E0 /* Add */,
				A06A18952BA91AE400D52A5C /* ReuseComponents */,
				A06A188A2BA89F9B00D52A5C /* BottomSheet */,
				A020B22A2BA176F2002B4C89 /* Onboarding */,
				A02FDCAD2B9999C300865830 /* Home */,
				A04D75A82B9F59F400F660A7 /* Search */,
				A01FC13E2BAFF439009880FE /* Setting */,
				A0DF695B2BA7345D00FB551B /* Map */,
				A09360742B9EFA0D00BF2E62 /* MyPage */,
				A06A18B42BAAB3ED00D52A5C /* Web */,
			);
			path = Views;
			sourceTree = "<group>";
		};
		A020B22A2BA176F2002B4C89 /* Onboarding */ = {
			isa = PBXGroup;
			children = (
				A06A18912BA8B94D00D52A5C /* RegisterProfileViewController.swift */,
				A020B22B2BA17745002B4C89 /* RegisterAllergyViewController.swift */,
				A06A18932BA8B97F00D52A5C /* RegisterFinalInformationViewController.swift */,
				A020B22F2BA1894C002B4C89 /* TagCollectionViewCell.swift */,
			);
			path = Onboarding;
			sourceTree = "<group>";
		};
		A020B2342BA32BAB002B4C89 /* Services */ = {
			isa = PBXGroup;
			children = (
				A01FC1412BB023F5009880FE /* ImageStorageManager.swift */,
				A020B2352BA32D0E002B4C89 /* UserDefaultsManager.swift */,
			);
			path = Services;
			sourceTree = "<group>";
		};
		A02FDC6D2B99835500865830 = {
			isa = PBXGroup;
			children = (
				A02FDC8D2B99860000865830 /* .gitignore */,
				A02FDC782B99835500865830 /* Allergykimi */,
				A02FDC772B99835500865830 /* Products */,
				63E6F769D8C8265EB7DC8088 /* Pods */,
				46921015F21820B89F3ACDF6 /* Frameworks */,
			);
			sourceTree = "<group>";
		};
		A02FDC772B99835500865830 /* Products */ = {
			isa = PBXGroup;
			children = (
				A02FDC762B99835500865830 /* Allergykimi.app */,
			);
			name = Products;
			sourceTree = "<group>";
		};
		A02FDC782B99835500865830 /* Allergykimi */ = {
			isa = PBXGroup;
			children = (
				A01FC1452BB04F82009880FE /* Allergykimi.entitlements */,
				A0C086272BADA2DB00058512 /* Resources */,
				A02FDCAC2B99998800865830 /* App */,
				A02FDCA32B9997D000865830 /* Base */,
				A020B2232BA16EB3002B4C89 /* Extension */,
				A06A18A82BAA6CFA00D52A5C /* Realm */,
				A02FDCAB2B99998100865830 /* Model */,
				A020B2272BA174E5002B4C89 /* Views */,
				A0C086332BAE821E00058512 /* ViewModels */,
				A02FDCAA2B99997A00865830 /* Network */,
				A020B2342BA32BAB002B4C89 /* Services */,
				A02FDCB02B999C5A00865830 /* Protocol */,
				A02FDC872B99835800865830 /* Info.plist */,
				A01FC1352BAFE426009880FE /* GoogleService-Info.plist */,
			);
			path = Allergykimi;
			sourceTree = "<group>";
		};
		A02FDCA32B9997D000865830 /* Base */ = {
			isa = PBXGroup;
			children = (
				A09360792B9F039A00BF2E62 /* BaseView.swift */,
				A02FDCA82B99984E00865830 /* BaseTableViewCell.swift */,
				A02FDCA62B99982E00865830 /* BaseCollectionViewCell.swift */,
				A06A188F2BA8AAD300D52A5C /* BaseCollectionReusableView.swift */,
				A02FDCA42B9997D700865830 /* BaseViewController.swift */,
				A09360722B9EF56600BF2E62 /* BaseTabBarController.swift */,
				A0C086232BAD5F0F00058512 /* BaseNavBarViewController.swift */,
			);
			path = Base;
			sourceTree = "<group>";
		};
		A02FDCAA2B99997A00865830 /* Network */ = {
			isa = PBXGroup;
			children = (
				A02FDCB32B999DD100865830 /* APIManager.swift */,
				A02FDCB92B99A3F100865830 /* DataAPI.swift */,
				A02FDCBB2B99A5E800865830 /* APIKey.swift */,
			);
			path = Network;
			sourceTree = "<group>";
		};
		A02FDCAB2B99998100865830 /* Model */ = {
			isa = PBXGroup;
			children = (
				A02FDCB52B99A01000865830 /* Products.swift */,
				A02FDCB72B99A02300865830 /* Pharmacy.swift */,
				A08D57F82BA05C4300824C4F /* Allergy.swift */,
			);
			path = Model;
			sourceTree = "<group>";
		};
		A02FDCAC2B99998800865830 /* App */ = {
			isa = PBXGroup;
			children = (
				A02FDC792B99835500865830 /* AppDelegate.swift */,
				A02FDC7B2B99835500865830 /* SceneDelegate.swift */,
			);
			path = App;
			sourceTree = "<group>";
		};
		A02FDCAD2B9999C300865830 /* Home */ = {
			isa = PBXGroup;
			children = (
				A093606E2B9EECF400BF2E62 /* HomeViewController.swift */,
				A01FC12C2BAF2488009880FE /* ProductsContainer.swift */,
				A0C086312BADD4BA00058512 /* SearchBarContainer.swift */,
				A01FC12E2BAF26FD009880FE /* BannerContainer.swift */,
			);
			path = Home;
			sourceTree = "<group>";
		};
		A02FDCB02B999C5A00865830 /* Protocol */ = {
			isa = PBXGroup;
			children = (
				A02FDCB12B999C6300865830 /* Observable.swift */,
				A020B22D2BA186ED002B4C89 /* LeftAlignedCollectionViewFlowLayout.swift */,
			);
			path = Protocol;
			sourceTree = "<group>";
		};
		A04D75A82B9F59F400F660A7 /* Search */ = {
			isa = PBXGroup;
			children = (
				A04D75A92B9F5A0D00F660A7 /* SearchViewController.swift */,
				A08D57F02BA014AB00824C4F /* SearchViewModel.swift */,
				A08D57F52BA04EF000824C4F /* ProductDetailViewController.swift */,
			);
			path = Search;
			sourceTree = "<group>";
		};
		A06A188A2BA89F9B00D52A5C /* BottomSheet */ = {
			isa = PBXGroup;
			children = (
				A06A188B2BA89FDE00D52A5C /* FilterBottomSheetViewController.swift */,
			);
			path = BottomSheet;
			sourceTree = "<group>";
		};
		A06A18952BA91AE400D52A5C /* ReuseComponents */ = {
			isa = PBXGroup;
			children = (
				A06D1B832BB15D8000FCD917 /* Cell */,
				A06A18962BA91B1700D52A5C /* wideButton.swift */,
				A01FC1282BAEC802009880FE /* ProfileView.swift */,
			);
			path = ReuseComponents;
			sourceTree = "<group>";
		};
		A06A18A82BAA6CFA00D52A5C /* Realm */ = {
			isa = PBXGroup;
			children = (
				A06A18A92BAA6D1700D52A5C /* myProduct.swift */,
				A06A18AB2BAA711800D52A5C /* RealmRepository.swift */,
			);
			path = Realm;
			sourceTree = "<group>";
		};
		A06A18B42BAAB3ED00D52A5C /* Web */ = {
			isa = PBXGroup;
			children = (
				A06A18B52BAAB42700D52A5C /* WebViewController.swift */,
			);
			path = Web;
			sourceTree = "<group>";
		};
		A06D1B832BB15D8000FCD917 /* Cell */ = {
			isa = PBXGroup;
			children = (
				A0FB4E452BB15DF2003BC9E0 /* Search */,
				A0FB4E442BB15DE4003BC9E0 /* Home */,
			);
			path = Cell;
			sourceTree = "<group>";
		};
		A09360742B9EFA0D00BF2E62 /* MyPage */ = {
			isa = PBXGroup;
			children = (
				A09360752B9EFA2800BF2E62 /* MyPageViewController.swift */,
				A09360772B9F02B800BF2E62 /* MyPageProfileView.swift */,
			);
			path = MyPage;
			sourceTree = "<group>";
		};
		A0C086272BADA2DB00058512 /* Resources */ = {
			isa = PBXGroup;
			children = (
				A0C086292BADA4A600058512 /* Base */,
				A0C086282BADA49E00058512 /* Fonts */,
				A02FDC822B99835800865830 /* Assets.xcassets */,
			);
			path = Resources;
			sourceTree = "<group>";
		};
		A0C086282BADA49E00058512 /* Fonts */ = {
			isa = PBXGroup;
			children = (
				A0C0862B2BADA51E00058512 /* TmoneyRoundWindExtraBold.otf */,
				A0C0862A2BADA51E00058512 /* TmoneyRoundWindRegular.otf */,
				A0C0862F2BADA9DD00058512 /* AllergykimiFonts.swift */,
			);
			path = Fonts;
			sourceTree = "<group>";
		};
		A0C086292BADA4A600058512 /* Base */ = {
			isa = PBXGroup;
			children = (
				A02FDC7F2B99835500865830 /* Main.storyboard */,
				A02FDC842B99835800865830 /* LaunchScreen.storyboard */,
			);
			path = Base;
			sourceTree = "<group>";
		};
		A0C086332BAE821E00058512 /* ViewModels */ = {
			isa = PBXGroup;
			children = (
				A06A18BB2BAB091200D52A5C /* ProductDetailViewModel.swift */,
				A06A18C02BAB8E9D00D52A5C /* MapViewModel.swift */,
				A0C086342BAE82DE00058512 /* ProfileRegistrationViewModel.swift */,
			);
			path = ViewModels;
			sourceTree = "<group>";
		};
		A0DF695B2BA7345D00FB551B /* Map */ = {
			isa = PBXGroup;
			children = (
				A049B45A2BAC5CDC009A1044 /* FloatingPharmacyInfoView.swift */,
				A0DF695C2BA7348000FB551B /* MapViewController.swift */,
			);
			path = Map;
			sourceTree = "<group>";
		};
		A0FB4E442BB15DE4003BC9E0 /* Home */ = {
			isa = PBXGroup;
			children = (
				A01FC1312BAF33E2009880FE /* ProductCollectionViewCell.swift */,
				A01FC1432BB03869009880FE /* EmptyCollectionViewCell.swift */,
				A01FC13F2BAFFB69009880FE /* ProductHeaderReusableView.swift */,
			);
			path = Home;
			sourceTree = "<group>";
		};
		A0FB4E452BB15DF2003BC9E0 /* Search */ = {
			isa = PBXGroup;
			children = (
				A06A188D2BA8AAAA00D52A5C /* FiliterSectionHeaderView.swift */,
				A08D57F32BA01F3600824C4F /* ProductsCollectionViewCell.swift */,
				A0DF69612BA7C23C00FB551B /* ProductTagCollectionViewCell.swift */,
				A06A18882BA8719800D52A5C /* FiliterTagCollectionViewCell.swift */,
			);
			path = Search;
			sourceTree = "<group>";
		};
		A0FB4E462BB17472003BC9E0 /* Add */ = {
			isa = PBXGroup;
			children = (
				A0FB4E472BB174A6003BC9E0 /* AddViewController.swift */,
			);
			path = Add;
			sourceTree = "<group>";
		};
/* End PBXGroup section */

/* Begin PBXNativeTarget section */
		A02FDC752B99835500865830 /* Allergykimi */ = {
			isa = PBXNativeTarget;
			buildConfigurationList = A02FDC8A2B99835800865830 /* Build configuration list for PBXNativeTarget "Allergykimi" */;
			buildPhases = (
				738A9060473B8E95B704B3E7 /* [CP] Check Pods Manifest.lock */,
				A02FDC722B99835500865830 /* Sources */,
				A02FDC732B99835500865830 /* Frameworks */,
				A02FDC742B99835500865830 /* Resources */,
				14C5A27F4E3727F516D54EF6 /* [CP] Embed Pods Frameworks */,
				A01FC1462BB06976009880FE /* ShellScript */,
			);
			buildRules = (
			);
			dependencies = (
			);
			name = Allergykimi;
			packageProductDependencies = (
				A02FDC932B9991E100865830 /* SnapKit */,
				A02FDC962B99935000865830 /* Kingfisher */,
				A02FDC992B9993DF00865830 /* Realm */,
				A02FDC9B2B9993DF00865830 /* RealmSwift */,
				A02FDC9E2B99940C00865830 /* Alamofire */,
				A02FDCA12B99942100865830 /* Toast */,
				A02FDCBE2B99AA4F00865830 /* SwiftyXMLParser */,
				A01FC1382BAFE4D6009880FE /* FirebaseAnalyticsWithoutAdIdSupport */,
				A01FC13A2BAFE4D6009880FE /* FirebaseCrashlytics */,
				A01FC13C2BAFE4D6009880FE /* FirebaseMessaging */,
			);
			productName = Allergykimi;
			productReference = A02FDC762B99835500865830 /* Allergykimi.app */;
			productType = "com.apple.product-type.application";
		};
/* End PBXNativeTarget section */

/* Begin PBXProject section */
		A02FDC6E2B99835500865830 /* Project object */ = {
			isa = PBXProject;
			attributes = {
				BuildIndependentTargetsInParallel = 1;
				LastSwiftUpdateCheck = 1520;
				LastUpgradeCheck = 1520;
				TargetAttributes = {
					A02FDC752B99835500865830 = {
						CreatedOnToolsVersion = 15.2;
					};
				};
			};
			buildConfigurationList = A02FDC712B99835500865830 /* Build configuration list for PBXProject "Allergykimi" */;
			compatibilityVersion = "Xcode 14.0";
			developmentRegion = en;
			hasScannedForEncodings = 0;
			knownRegions = (
				en,
				Base,
			);
			mainGroup = A02FDC6D2B99835500865830;
			packageReferences = (
				A02FDC922B9991E100865830 /* XCRemoteSwiftPackageReference "SnapKit" */,
				A02FDC952B99935000865830 /* XCRemoteSwiftPackageReference "Kingfisher" */,
				A02FDC982B9993DF00865830 /* XCRemoteSwiftPackageReference "realm-swift" */,
				A02FDC9D2B99940C00865830 /* XCRemoteSwiftPackageReference "Alamofire" */,
				A02FDCA02B99942100865830 /* XCRemoteSwiftPackageReference "Toast-Swift" */,
				A02FDCBD2B99AA4F00865830 /* XCRemoteSwiftPackageReference "SwiftyXMLParser" */,
				A01FC1372BAFE4D6009880FE /* XCRemoteSwiftPackageReference "firebase-ios-sdk" */,
			);
			productRefGroup = A02FDC772B99835500865830 /* Products */;
			projectDirPath = "";
			projectRoot = "";
			targets = (
				A02FDC752B99835500865830 /* Allergykimi */,
			);
		};
/* End PBXProject section */

/* Begin PBXResourcesBuildPhase section */
		A02FDC742B99835500865830 /* Resources */ = {
			isa = PBXResourcesBuildPhase;
			buildActionMask = 2147483647;
			files = (
				A02FDC8E2B99860000865830 /* .gitignore in Resources */,
				A02FDC862B99835800865830 /* LaunchScreen.storyboard in Resources */,
				A0C0862D2BADA51E00058512 /* TmoneyRoundWindExtraBold.otf in Resources */,
				A02FDC832B99835800865830 /* Assets.xcassets in Resources */,
				A02FDC812B99835500865830 /* Main.storyboard in Resources */,
				A0C0862C2BADA51E00058512 /* TmoneyRoundWindRegular.otf in Resources */,
				A01FC1362BAFE426009880FE /* GoogleService-Info.plist in Resources */,
			);
			runOnlyForDeploymentPostprocessing = 0;
		};
/* End PBXResourcesBuildPhase section */

/* Begin PBXShellScriptBuildPhase section */
		14C5A27F4E3727F516D54EF6 /* [CP] Embed Pods Frameworks */ = {
			isa = PBXShellScriptBuildPhase;
			buildActionMask = 2147483647;
			files = (
			);
			inputFileListPaths = (
				"${PODS_ROOT}/Target Support Files/Pods-Allergykimi/Pods-Allergykimi-frameworks-${CONFIGURATION}-input-files.xcfilelist",
			);
			name = "[CP] Embed Pods Frameworks";
			outputFileListPaths = (
				"${PODS_ROOT}/Target Support Files/Pods-Allergykimi/Pods-Allergykimi-frameworks-${CONFIGURATION}-output-files.xcfilelist",
			);
			runOnlyForDeploymentPostprocessing = 0;
			shellPath = /bin/sh;
			shellScript = "\"${PODS_ROOT}/Target Support Files/Pods-Allergykimi/Pods-Allergykimi-frameworks.sh\"\n";
			showEnvVarsInLog = 0;
		};
		738A9060473B8E95B704B3E7 /* [CP] Check Pods Manifest.lock */ = {
			isa = PBXShellScriptBuildPhase;
			buildActionMask = 2147483647;
			files = (
			);
			inputFileListPaths = (
			);
			inputPaths = (
				"${PODS_PODFILE_DIR_PATH}/Podfile.lock",
				"${PODS_ROOT}/Manifest.lock",
			);
			name = "[CP] Check Pods Manifest.lock";
			outputFileListPaths = (
			);
			outputPaths = (
				"$(DERIVED_FILE_DIR)/Pods-Allergykimi-checkManifestLockResult.txt",
			);
			runOnlyForDeploymentPostprocessing = 0;
			shellPath = /bin/sh;
			shellScript = "diff \"${PODS_PODFILE_DIR_PATH}/Podfile.lock\" \"${PODS_ROOT}/Manifest.lock\" > /dev/null\nif [ $? != 0 ] ; then\n    # print error to STDERR\n    echo \"error: The sandbox is not in sync with the Podfile.lock. Run 'pod install' or update your CocoaPods installation.\" >&2\n    exit 1\nfi\n# This output is used by Xcode 'outputs' to avoid re-running this script phase.\necho \"SUCCESS\" > \"${SCRIPT_OUTPUT_FILE_0}\"\n";
			showEnvVarsInLog = 0;
		};
		A01FC1462BB06976009880FE /* ShellScript */ = {
			isa = PBXShellScriptBuildPhase;
			buildActionMask = 2147483647;
			files = (
			);
			inputFileListPaths = (
			);
			inputPaths = (
				"${DWARF_DSYM_FOLDER_PATH}/${DWARF_DSYM_FILE_NAME}",
				"${DWARF_DSYM_FOLDER_PATH}/${DWARF_DSYM_FILE_NAME}/Contents/Resources/DWARF/${PRODUCT_NAME}",
				"${DWARF_DSYM_FOLDER_PATH}/${DWARF_DSYM_FILE_NAME}/Contents/Info.plist",
				"$(TARGET_BUILD_DIR)/$(UNLOCALIZED_RESOURCES_FOLDER_PATH)/GoogleService-Info.plist",
				"$(TARGET_BUILD_DIR)/$(EXECUTABLE_PATH)",
			);
			outputFileListPaths = (
			);
			outputPaths = (
			);
			runOnlyForDeploymentPostprocessing = 0;
			shellPath = /bin/sh;
			shellScript = "# Type a script or drag a script file from your workspace to insert its path.\n\"${BUILD_DIR%/Build/*}/SourcePackages/checkouts/firebase-ios-sdk/Crashlytics/run\"\n";
		};
/* End PBXShellScriptBuildPhase section */

/* Begin PBXSourcesBuildPhase section */
		A02FDC722B99835500865830 /* Sources */ = {
			isa = PBXSourcesBuildPhase;
			buildActionMask = 2147483647;
			files = (
				A049B45B2BAC5CDC009A1044 /* FloatingPharmacyInfoView.swift in Sources */,
				A0DF695D2BA7348100FB551B /* MapViewController.swift in Sources */,
				A0FB4E482BB174A6003BC9E0 /* AddViewController.swift in Sources */,
				A06A188C2BA89FDE00D52A5C /* FilterBottomSheetViewController.swift in Sources */,
				A02FDCB62B99A01100865830 /* Products.swift in Sources */,
				A02FDCB42B999DD100865830 /* APIManager.swift in Sources */,
				A01FC1422BB023F5009880FE /* ImageStorageManager.swift in Sources */,
				A0C086322BADD4BA00058512 /* SearchBarContainer.swift in Sources */,
				A08D57F62BA04EF000824C4F /* ProductDetailViewController.swift in Sources */,
				A02FDCA72B99982E00865830 /* BaseCollectionViewCell.swift in Sources */,
				A08D57F92BA05C4300824C4F /* Allergy.swift in Sources */,
				A093607A2B9F039A00BF2E62 /* BaseView.swift in Sources */,
				A08D57F12BA014AB00824C4F /* SearchViewModel.swift in Sources */,
				A020B2252BA16EC4002B4C89 /* UIViewController+Extension.swift in Sources */,
				A02FDCBA2B99A3F100865830 /* DataAPI.swift in Sources */,
				A0C086262BAD791800058512 /* UIView+Extension.swift in Sources */,
				A01FC1322BAF33E2009880FE /* ProductCollectionViewCell.swift in Sources */,
				A06A18892BA8719800D52A5C /* FiliterTagCollectionViewCell.swift in Sources */,
				A020B2362BA32D0F002B4C89 /* UserDefaultsManager.swift in Sources */,
				A01FC1402BAFFB69009880FE /* ProductHeaderReusableView.swift in Sources */,
				A06A18972BA91B1700D52A5C /* wideButton.swift in Sources */,
				A06A18942BA8B97F00D52A5C /* RegisterFinalInformationViewController.swift in Sources */,
				A093606F2B9EECF400BF2E62 /* HomeViewController.swift in Sources */,
				A02FDCA52B9997D700865830 /* BaseViewController.swift in Sources */,
				A01FC1442BB03869009880FE /* EmptyCollectionViewCell.swift in Sources */,
				A0C086242BAD5F0F00058512 /* BaseNavBarViewController.swift in Sources */,
				A06A18902BA8AAD300D52A5C /* BaseCollectionReusableView.swift in Sources */,
				A06A18BC2BAB091200D52A5C /* ProductDetailViewModel.swift in Sources */,
				A020B2302BA1894C002B4C89 /* TagCollectionViewCell.swift in Sources */,
				A0C086352BAE82DE00058512 /* ProfileRegistrationViewModel.swift in Sources */,
				A01FC1292BAEC802009880FE /* ProfileView.swift in Sources */,
				A020B22E2BA186ED002B4C89 /* LeftAlignedCollectionViewFlowLayout.swift in Sources */,
				A0C086302BADA9DD00058512 /* AllergykimiFonts.swift in Sources */,
				A02FDCB22B999C6300865830 /* Observable.swift in Sources */,
				A06A18AA2BAA6D1700D52A5C /* myProduct.swift in Sources */,
				A06A188E2BA8AAAA00D52A5C /* FiliterSectionHeaderView.swift in Sources */,
				A06A18C12BAB8E9D00D52A5C /* MapViewModel.swift in Sources */,
				A01FC12B2BAECCA7009880FE /* SettingsViewController.swift in Sources */,
				A09360782B9F02B800BF2E62 /* MyPageProfileView.swift in Sources */,
				A09360732B9EF56600BF2E62 /* BaseTabBarController.swift in Sources */,
				A02FDCB82B99A02300865830 /* Pharmacy.swift in Sources */,
				A01FC12D2BAF2488009880FE /* ProductsContainer.swift in Sources */,
				A04D75AA2B9F5A0D00F660A7 /* SearchViewController.swift in Sources */,
				A06A18AC2BAA711800D52A5C /* RealmRepository.swift in Sources */,
				A09360762B9EFA2800BF2E62 /* MyPageViewController.swift in Sources */,
				A02FDC7A2B99835500865830 /* AppDelegate.swift in Sources */,
				A08D57F42BA01F3600824C4F /* ProductsCollectionViewCell.swift in Sources */,
				A06A18B62BAAB42700D52A5C /* WebViewController.swift in Sources */,
				A020B22C2BA17745002B4C89 /* RegisterAllergyViewController.swift in Sources */,
				A02FDCA92B99984E00865830 /* BaseTableViewCell.swift in Sources */,
				A0DF69622BA7C23C00FB551B /* ProductTagCollectionViewCell.swift in Sources */,
				A02FDCBC2B99A5E800865830 /* APIKey.swift in Sources */,
				A00532BF2BA3E922002548DA /* String+Extension.swift in Sources */,
				A01FC12F2BAF26FD009880FE /* BannerContainer.swift in Sources */,
				A02FDC7C2B99835500865830 /* SceneDelegate.swift in Sources */,
				A06A18922BA8B94D00D52A5C /* RegisterProfileViewController.swift in Sources */,
			);
			runOnlyForDeploymentPostprocessing = 0;
		};
/* End PBXSourcesBuildPhase section */

/* Begin PBXVariantGroup section */
		A02FDC7F2B99835500865830 /* Main.storyboard */ = {
			isa = PBXVariantGroup;
			children = (
				A02FDC802B99835500865830 /* Base */,
			);
			name = Main.storyboard;
			sourceTree = "<group>";
		};
		A02FDC842B99835800865830 /* LaunchScreen.storyboard */ = {
			isa = PBXVariantGroup;
			children = (
				A02FDC852B99835800865830 /* Base */,
			);
			name = LaunchScreen.storyboard;
			sourceTree = "<group>";
		};
/* End PBXVariantGroup section */

/* Begin XCBuildConfiguration section */
		A02FDC882B99835800865830 /* Debug */ = {
			isa = XCBuildConfiguration;
			buildSettings = {
				ALWAYS_SEARCH_USER_PATHS = NO;
				ASSETCATALOG_COMPILER_GENERATE_SWIFT_ASSET_SYMBOL_EXTENSIONS = YES;
				CLANG_ANALYZER_NONNULL = YES;
				CLANG_ANALYZER_NUMBER_OBJECT_CONVERSION = YES_AGGRESSIVE;
				CLANG_CXX_LANGUAGE_STANDARD = "gnu++20";
				CLANG_ENABLE_MODULES = YES;
				CLANG_ENABLE_OBJC_ARC = YES;
				CLANG_ENABLE_OBJC_WEAK = YES;
				CLANG_WARN_BLOCK_CAPTURE_AUTORELEASING = YES;
				CLANG_WARN_BOOL_CONVERSION = YES;
				CLANG_WARN_COMMA = YES;
				CLANG_WARN_CONSTANT_CONVERSION = YES;
				CLANG_WARN_DEPRECATED_OBJC_IMPLEMENTATIONS = YES;
				CLANG_WARN_DIRECT_OBJC_ISA_USAGE = YES_ERROR;
				CLANG_WARN_DOCUMENTATION_COMMENTS = YES;
				CLANG_WARN_EMPTY_BODY = YES;
				CLANG_WARN_ENUM_CONVERSION = YES;
				CLANG_WARN_INFINITE_RECURSION = YES;
				CLANG_WARN_INT_CONVERSION = YES;
				CLANG_WARN_NON_LITERAL_NULL_CONVERSION = YES;
				CLANG_WARN_OBJC_IMPLICIT_RETAIN_SELF = YES;
				CLANG_WARN_OBJC_LITERAL_CONVERSION = YES;
				CLANG_WARN_OBJC_ROOT_CLASS = YES_ERROR;
				CLANG_WARN_QUOTED_INCLUDE_IN_FRAMEWORK_HEADER = YES;
				CLANG_WARN_RANGE_LOOP_ANALYSIS = YES;
				CLANG_WARN_STRICT_PROTOTYPES = YES;
				CLANG_WARN_SUSPICIOUS_MOVE = YES;
				CLANG_WARN_UNGUARDED_AVAILABILITY = YES_AGGRESSIVE;
				CLANG_WARN_UNREACHABLE_CODE = YES;
				CLANG_WARN__DUPLICATE_METHOD_MATCH = YES;
				COPY_PHASE_STRIP = NO;
				DEBUG_INFORMATION_FORMAT = dwarf;
				ENABLE_STRICT_OBJC_MSGSEND = YES;
				ENABLE_TESTABILITY = YES;
				ENABLE_USER_SCRIPT_SANDBOXING = NO;
				GCC_C_LANGUAGE_STANDARD = gnu17;
				GCC_DYNAMIC_NO_PIC = NO;
				GCC_NO_COMMON_BLOCKS = YES;
				GCC_OPTIMIZATION_LEVEL = 0;
				GCC_PREPROCESSOR_DEFINITIONS = (
					"DEBUG=1",
					"$(inherited)",
				);
				GCC_WARN_64_TO_32_BIT_CONVERSION = YES;
				GCC_WARN_ABOUT_RETURN_TYPE = YES_ERROR;
				GCC_WARN_UNDECLARED_SELECTOR = YES;
				GCC_WARN_UNINITIALIZED_AUTOS = YES_AGGRESSIVE;
				GCC_WARN_UNUSED_FUNCTION = YES;
				GCC_WARN_UNUSED_VARIABLE = YES;
				IPHONEOS_DEPLOYMENT_TARGET = 17.2;
				LOCALIZATION_PREFERS_STRING_CATALOGS = YES;
				MTL_ENABLE_DEBUG_INFO = INCLUDE_SOURCE;
				MTL_FAST_MATH = YES;
				ONLY_ACTIVE_ARCH = YES;
				SDKROOT = iphoneos;
				SWIFT_ACTIVE_COMPILATION_CONDITIONS = "DEBUG $(inherited)";
				SWIFT_OPTIMIZATION_LEVEL = "-Onone";
			};
			name = Debug;
		};
		A02FDC892B99835800865830 /* Release */ = {
			isa = XCBuildConfiguration;
			buildSettings = {
				ALWAYS_SEARCH_USER_PATHS = NO;
				ASSETCATALOG_COMPILER_GENERATE_SWIFT_ASSET_SYMBOL_EXTENSIONS = YES;
				CLANG_ANALYZER_NONNULL = YES;
				CLANG_ANALYZER_NUMBER_OBJECT_CONVERSION = YES_AGGRESSIVE;
				CLANG_CXX_LANGUAGE_STANDARD = "gnu++20";
				CLANG_ENABLE_MODULES = YES;
				CLANG_ENABLE_OBJC_ARC = YES;
				CLANG_ENABLE_OBJC_WEAK = YES;
				CLANG_WARN_BLOCK_CAPTURE_AUTORELEASING = YES;
				CLANG_WARN_BOOL_CONVERSION = YES;
				CLANG_WARN_COMMA = YES;
				CLANG_WARN_CONSTANT_CONVERSION = YES;
				CLANG_WARN_DEPRECATED_OBJC_IMPLEMENTATIONS = YES;
				CLANG_WARN_DIRECT_OBJC_ISA_USAGE = YES_ERROR;
				CLANG_WARN_DOCUMENTATION_COMMENTS = YES;
				CLANG_WARN_EMPTY_BODY = YES;
				CLANG_WARN_ENUM_CONVERSION = YES;
				CLANG_WARN_INFINITE_RECURSION = YES;
				CLANG_WARN_INT_CONVERSION = YES;
				CLANG_WARN_NON_LITERAL_NULL_CONVERSION = YES;
				CLANG_WARN_OBJC_IMPLICIT_RETAIN_SELF = YES;
				CLANG_WARN_OBJC_LITERAL_CONVERSION = YES;
				CLANG_WARN_OBJC_ROOT_CLASS = YES_ERROR;
				CLANG_WARN_QUOTED_INCLUDE_IN_FRAMEWORK_HEADER = YES;
				CLANG_WARN_RANGE_LOOP_ANALYSIS = YES;
				CLANG_WARN_STRICT_PROTOTYPES = YES;
				CLANG_WARN_SUSPICIOUS_MOVE = YES;
				CLANG_WARN_UNGUARDED_AVAILABILITY = YES_AGGRESSIVE;
				CLANG_WARN_UNREACHABLE_CODE = YES;
				CLANG_WARN__DUPLICATE_METHOD_MATCH = YES;
				COPY_PHASE_STRIP = NO;
				DEBUG_INFORMATION_FORMAT = "dwarf-with-dsym";
				ENABLE_NS_ASSERTIONS = NO;
				ENABLE_STRICT_OBJC_MSGSEND = YES;
				ENABLE_USER_SCRIPT_SANDBOXING = NO;
				GCC_C_LANGUAGE_STANDARD = gnu17;
				GCC_NO_COMMON_BLOCKS = YES;
				GCC_WARN_64_TO_32_BIT_CONVERSION = YES;
				GCC_WARN_ABOUT_RETURN_TYPE = YES_ERROR;
				GCC_WARN_UNDECLARED_SELECTOR = YES;
				GCC_WARN_UNINITIALIZED_AUTOS = YES_AGGRESSIVE;
				GCC_WARN_UNUSED_FUNCTION = YES;
				GCC_WARN_UNUSED_VARIABLE = YES;
				IPHONEOS_DEPLOYMENT_TARGET = 17.2;
				LOCALIZATION_PREFERS_STRING_CATALOGS = YES;
				MTL_ENABLE_DEBUG_INFO = NO;
				MTL_FAST_MATH = YES;
				SDKROOT = iphoneos;
				SWIFT_COMPILATION_MODE = wholemodule;
				VALIDATE_PRODUCT = YES;
			};
			name = Release;
		};
		A02FDC8B2B99835800865830 /* Debug */ = {
			isa = XCBuildConfiguration;
			baseConfigurationReference = AA1900F478F7EED25EA07585 /* Pods-Allergykimi.debug.xcconfig */;
			buildSettings = {
				ASSETCATALOG_COMPILER_APPICON_NAME = AppIcon;
				ASSETCATALOG_COMPILER_GLOBAL_ACCENT_COLOR_NAME = AccentColor;
				CODE_SIGN_ENTITLEMENTS = Allergykimi/Allergykimi.entitlements;
				CODE_SIGN_STYLE = Automatic;
				CURRENT_PROJECT_VERSION = 1;
				DEBUG_INFORMATION_FORMAT = "dwarf-with-dsym";
				DEVELOPMENT_TEAM = 47VP7M3T34;
				GENERATE_INFOPLIST_FILE = YES;
				INFOPLIST_FILE = Allergykimi/Info.plist;
				INFOPLIST_KEY_UIApplicationSupportsIndirectInputEvents = YES;
				INFOPLIST_KEY_UILaunchStoryboardName = LaunchScreen;
				INFOPLIST_KEY_UIMainStoryboardFile = Main;
				INFOPLIST_KEY_UISupportedInterfaceOrientations = UIInterfaceOrientationPortrait;
				INFOPLIST_KEY_UISupportedInterfaceOrientations_iPad = "UIInterfaceOrientationLandscapeLeft UIInterfaceOrientationLandscapeRight UIInterfaceOrientationPortrait UIInterfaceOrientationPortraitUpsideDown";
				IPHONEOS_DEPLOYMENT_TARGET = 16.0;
				LD_RUNPATH_SEARCH_PATHS = (
					"$(inherited)",
					"@executable_path/Frameworks",
				);
				MARKETING_VERSION = 1.0;
				PRODUCT_BUNDLE_IDENTIFIER = com.Seou.Allergykimi;
				PRODUCT_NAME = "$(TARGET_NAME)";
				SUPPORTED_PLATFORMS = "iphoneos iphonesimulator";
				SUPPORTS_MACCATALYST = NO;
				SUPPORTS_MAC_DESIGNED_FOR_IPHONE_IPAD = NO;
				SUPPORTS_XR_DESIGNED_FOR_IPHONE_IPAD = NO;
				SWIFT_EMIT_LOC_STRINGS = YES;
				SWIFT_VERSION = 5.0;
				TARGETED_DEVICE_FAMILY = 1;
			};
			name = Debug;
		};
		A02FDC8C2B99835800865830 /* Release */ = {
			isa = XCBuildConfiguration;
			baseConfigurationReference = 42748818B3109C253A9921D1 /* Pods-Allergykimi.release.xcconfig */;
			buildSettings = {
				ASSETCATALOG_COMPILER_APPICON_NAME = AppIcon;
				ASSETCATALOG_COMPILER_GLOBAL_ACCENT_COLOR_NAME = AccentColor;
				CODE_SIGN_ENTITLEMENTS = Allergykimi/Allergykimi.entitlements;
				CODE_SIGN_STYLE = Automatic;
				CURRENT_PROJECT_VERSION = 1;
				DEVELOPMENT_TEAM = 47VP7M3T34;
				GENERATE_INFOPLIST_FILE = YES;
				INFOPLIST_FILE = Allergykimi/Info.plist;
				INFOPLIST_KEY_UIApplicationSupportsIndirectInputEvents = YES;
				INFOPLIST_KEY_UILaunchStoryboardName = LaunchScreen;
				INFOPLIST_KEY_UIMainStoryboardFile = Main;
				INFOPLIST_KEY_UISupportedInterfaceOrientations = UIInterfaceOrientationPortrait;
				INFOPLIST_KEY_UISupportedInterfaceOrientations_iPad = "UIInterfaceOrientationLandscapeLeft UIInterfaceOrientationLandscapeRight UIInterfaceOrientationPortrait UIInterfaceOrientationPortraitUpsideDown";
				IPHONEOS_DEPLOYMENT_TARGET = 16.0;
				LD_RUNPATH_SEARCH_PATHS = (
					"$(inherited)",
					"@executable_path/Frameworks",
				);
				MARKETING_VERSION = 1.0;
				PRODUCT_BUNDLE_IDENTIFIER = com.Seou.Allergykimi;
				PRODUCT_NAME = "$(TARGET_NAME)";
				SUPPORTED_PLATFORMS = "iphoneos iphonesimulator";
				SUPPORTS_MACCATALYST = NO;
				SUPPORTS_MAC_DESIGNED_FOR_IPHONE_IPAD = NO;
				SUPPORTS_XR_DESIGNED_FOR_IPHONE_IPAD = NO;
				SWIFT_EMIT_LOC_STRINGS = YES;
				SWIFT_VERSION = 5.0;
				TARGETED_DEVICE_FAMILY = 1;
			};
			name = Release;
		};
/* End XCBuildConfiguration section */

/* Begin XCConfigurationList section */
		A02FDC712B99835500865830 /* Build configuration list for PBXProject "Allergykimi" */ = {
			isa = XCConfigurationList;
			buildConfigurations = (
				A02FDC882B99835800865830 /* Debug */,
				A02FDC892B99835800865830 /* Release */,
			);
			defaultConfigurationIsVisible = 0;
			defaultConfigurationName = Release;
		};
		A02FDC8A2B99835800865830 /* Build configuration list for PBXNativeTarget "Allergykimi" */ = {
			isa = XCConfigurationList;
			buildConfigurations = (
				A02FDC8B2B99835800865830 /* Debug */,
				A02FDC8C2B99835800865830 /* Release */,
			);
			defaultConfigurationIsVisible = 0;
			defaultConfigurationName = Release;
		};
/* End XCConfigurationList section */

/* Begin XCRemoteSwiftPackageReference section */
		A01FC1372BAFE4D6009880FE /* XCRemoteSwiftPackageReference "firebase-ios-sdk" */ = {
			isa = XCRemoteSwiftPackageReference;
			repositoryURL = "https://github.com/firebase/firebase-ios-sdk";
			requirement = {
				kind = upToNextMajorVersion;
				minimumVersion = 10.23.0;
			};
		};
		A02FDC922B9991E100865830 /* XCRemoteSwiftPackageReference "SnapKit" */ = {
			isa = XCRemoteSwiftPackageReference;
			repositoryURL = "https://github.com/SnapKit/SnapKit.git";
			requirement = {
				kind = upToNextMajorVersion;
				minimumVersion = 5.7.1;
			};
		};
		A02FDC952B99935000865830 /* XCRemoteSwiftPackageReference "Kingfisher" */ = {
			isa = XCRemoteSwiftPackageReference;
			repositoryURL = "https://github.com/onevcat/Kingfisher.git";
			requirement = {
				kind = upToNextMajorVersion;
				minimumVersion = 7.11.0;
			};
		};
		A02FDC982B9993DF00865830 /* XCRemoteSwiftPackageReference "realm-swift" */ = {
			isa = XCRemoteSwiftPackageReference;
			repositoryURL = "https://github.com/realm/realm-swift.git";
			requirement = {
				kind = upToNextMajorVersion;
				minimumVersion = 10.47.0;
			};
		};
		A02FDC9D2B99940C00865830 /* XCRemoteSwiftPackageReference "Alamofire" */ = {
			isa = XCRemoteSwiftPackageReference;
			repositoryURL = "https://github.com/Alamofire/Alamofire.git";
			requirement = {
				kind = upToNextMajorVersion;
				minimumVersion = 5.9.0;
			};
		};
		A02FDCA02B99942100865830 /* XCRemoteSwiftPackageReference "Toast-Swift" */ = {
			isa = XCRemoteSwiftPackageReference;
			repositoryURL = "https://github.com/scalessec/Toast-Swift.git";
			requirement = {
				kind = upToNextMajorVersion;
				minimumVersion = 5.1.0;
			};
		};
		A02FDCBD2B99AA4F00865830 /* XCRemoteSwiftPackageReference "SwiftyXMLParser" */ = {
			isa = XCRemoteSwiftPackageReference;
			repositoryURL = "https://github.com/yahoojapan/SwiftyXMLParser.git";
			requirement = {
				kind = upToNextMajorVersion;
				minimumVersion = 5.6.0;
			};
		};
/* End XCRemoteSwiftPackageReference section */

/* Begin XCSwiftPackageProductDependency section */
		A01FC1382BAFE4D6009880FE /* FirebaseAnalyticsWithoutAdIdSupport */ = {
			isa = XCSwiftPackageProductDependency;
			package = A01FC1372BAFE4D6009880FE /* XCRemoteSwiftPackageReference "firebase-ios-sdk" */;
			productName = FirebaseAnalyticsWithoutAdIdSupport;
		};
		A01FC13A2BAFE4D6009880FE /* FirebaseCrashlytics */ = {
			isa = XCSwiftPackageProductDependency;
			package = A01FC1372BAFE4D6009880FE /* XCRemoteSwiftPackageReference "firebase-ios-sdk" */;
			productName = FirebaseCrashlytics;
		};
		A01FC13C2BAFE4D6009880FE /* FirebaseMessaging */ = {
			isa = XCSwiftPackageProductDependency;
			package = A01FC1372BAFE4D6009880FE /* XCRemoteSwiftPackageReference "firebase-ios-sdk" */;
			productName = FirebaseMessaging;
		};
		A02FDC932B9991E100865830 /* SnapKit */ = {
			isa = XCSwiftPackageProductDependency;
			package = A02FDC922B9991E100865830 /* XCRemoteSwiftPackageReference "SnapKit" */;
			productName = SnapKit;
		};
		A02FDC962B99935000865830 /* Kingfisher */ = {
			isa = XCSwiftPackageProductDependency;
			package = A02FDC952B99935000865830 /* XCRemoteSwiftPackageReference "Kingfisher" */;
			productName = Kingfisher;
		};
		A02FDC992B9993DF00865830 /* Realm */ = {
			isa = XCSwiftPackageProductDependency;
			package = A02FDC982B9993DF00865830 /* XCRemoteSwiftPackageReference "realm-swift" */;
			productName = Realm;
		};
		A02FDC9B2B9993DF00865830 /* RealmSwift */ = {
			isa = XCSwiftPackageProductDependency;
			package = A02FDC982B9993DF00865830 /* XCRemoteSwiftPackageReference "realm-swift" */;
			productName = RealmSwift;
		};
		A02FDC9E2B99940C00865830 /* Alamofire */ = {
			isa = XCSwiftPackageProductDependency;
			package = A02FDC9D2B99940C00865830 /* XCRemoteSwiftPackageReference "Alamofire" */;
			productName = Alamofire;
		};
		A02FDCA12B99942100865830 /* Toast */ = {
			isa = XCSwiftPackageProductDependency;
			package = A02FDCA02B99942100865830 /* XCRemoteSwiftPackageReference "Toast-Swift" */;
			productName = Toast;
		};
		A02FDCBE2B99AA4F00865830 /* SwiftyXMLParser */ = {
			isa = XCSwiftPackageProductDependency;
			package = A02FDCBD2B99AA4F00865830 /* XCRemoteSwiftPackageReference "SwiftyXMLParser" */;
			productName = SwiftyXMLParser;
		};
/* End XCSwiftPackageProductDependency section */
	};
	rootObject = A02FDC6E2B99835500865830 /* Project object */;
}
